// !$*UTF8*$!
{
	archiveVersion = 1;
	classes = {
	};
	objectVersion = 56;
	objects = {

/* Begin PBXBuildFile section */
		FA37A90A29CAD66B00FE3238 /* ModoApp.swift in Sources */ = {isa = PBXBuildFile; fileRef = FA37A90929CAD66B00FE3238 /* ModoApp.swift */; };
		FA37A90C29CAD66B00FE3238 /* ContentView.swift in Sources */ = {isa = PBXBuildFile; fileRef = FA37A90B29CAD66B00FE3238 /* ContentView.swift */; };
		FA37A90E29CAD66C00FE3238 /* Assets.xcassets in Resources */ = {isa = PBXBuildFile; fileRef = FA37A90D29CAD66C00FE3238 /* Assets.xcassets */; };
		FA37A91129CAD66C00FE3238 /* Preview Assets.xcassets in Resources */ = {isa = PBXBuildFile; fileRef = FA37A91029CAD66C00FE3238 /* Preview Assets.xcassets */; };
		FA37A91B29CAD66C00FE3238 /* ModoTests.swift in Sources */ = {isa = PBXBuildFile; fileRef = FA37A91A29CAD66C00FE3238 /* ModoTests.swift */; };
		FA37A92529CAD66C00FE3238 /* ModoUITests.swift in Sources */ = {isa = PBXBuildFile; fileRef = FA37A92429CAD66C00FE3238 /* ModoUITests.swift */; };
		FA37A92729CAD66C00FE3238 /* ModoUITestsLaunchTests.swift in Sources */ = {isa = PBXBuildFile; fileRef = FA37A92629CAD66C00FE3238 /* ModoUITestsLaunchTests.swift */; };
/* End PBXBuildFile section */

/* Begin PBXContainerItemProxy section */
		FA37A91729CAD66C00FE3238 /* PBXContainerItemProxy */ = {
			isa = PBXContainerItemProxy;
			containerPortal = FA37A8FE29CAD66B00FE3238 /* Project object */;
			proxyType = 1;
			remoteGlobalIDString = FA37A90529CAD66B00FE3238;
			remoteInfo = Modo;
		};
		FA37A92129CAD66C00FE3238 /* PBXContainerItemProxy */ = {
			isa = PBXContainerItemProxy;
			containerPortal = FA37A8FE29CAD66B00FE3238 /* Project object */;
			proxyType = 1;
			remoteGlobalIDString = FA37A90529CAD66B00FE3238;
			remoteInfo = Modo;
		};
/* End PBXContainerItemProxy section */

/* Begin PBXFileReference section */
		FA37A90629CAD66B00FE3238 /* Modo.app */ = {isa = PBXFileReference; explicitFileType = wrapper.application; includeInIndex = 0; path = Modo.app; sourceTree = BUILT_PRODUCTS_DIR; };
		FA37A90929CAD66B00FE3238 /* ModoApp.swift */ = {isa = PBXFileReference; lastKnownFileType = sourcecode.swift; path = ModoApp.swift; sourceTree = "<group>"; };
		FA37A90B29CAD66B00FE3238 /* ContentView.swift */ = {isa = PBXFileReference; lastKnownFileType = sourcecode.swift; path = ContentView.swift; sourceTree = "<group>"; };
		FA37A90D29CAD66C00FE3238 /* Assets.xcassets */ = {isa = PBXFileReference; lastKnownFileType = folder.assetcatalog; path = Assets.xcassets; sourceTree = "<group>"; };
		FA37A91029CAD66C00FE3238 /* Preview Assets.xcassets */ = {isa = PBXFileReference; lastKnownFileType = folder.assetcatalog; path = "Preview Assets.xcassets"; sourceTree = "<group>"; };
		FA37A91629CAD66C00FE3238 /* ModoTests.xctest */ = {isa = PBXFileReference; explicitFileType = wrapper.cfbundle; includeInIndex = 0; path = ModoTests.xctest; sourceTree = BUILT_PRODUCTS_DIR; };
		FA37A91A29CAD66C00FE3238 /* ModoTests.swift */ = {isa = PBXFileReference; lastKnownFileType = sourcecode.swift; path = ModoTests.swift; sourceTree = "<group>"; };
		FA37A92029CAD66C00FE3238 /* ModoUITests.xctest */ = {isa = PBXFileReference; explicitFileType = wrapper.cfbundle; includeInIndex = 0; path = ModoUITests.xctest; sourceTree = BUILT_PRODUCTS_DIR; };
		FA37A92429CAD66C00FE3238 /* ModoUITests.swift */ = {isa = PBXFileReference; lastKnownFileType = sourcecode.swift; path = ModoUITests.swift; sourceTree = "<group>"; };
		FA37A92629CAD66C00FE3238 /* ModoUITestsLaunchTests.swift */ = {isa = PBXFileReference; lastKnownFileType = sourcecode.swift; path = ModoUITestsLaunchTests.swift; sourceTree = "<group>"; };
/* End PBXFileReference section */

/* Begin PBXFrameworksBuildPhase section */
		FA37A90329CAD66B00FE3238 /* Frameworks */ = {
			isa = PBXFrameworksBuildPhase;
			buildActionMask = 2147483647;
			files = (
			);
			runOnlyForDeploymentPostprocessing = 0;
		};
		FA37A91329CAD66C00FE3238 /* Frameworks */ = {
			isa = PBXFrameworksBuildPhase;
			buildActionMask = 2147483647;
			files = (
			);
			runOnlyForDeploymentPostprocessing = 0;
		};
		FA37A91D29CAD66C00FE3238 /* Frameworks */ = {
			isa = PBXFrameworksBuildPhase;
			buildActionMask = 2147483647;
			files = (
			);
			runOnlyForDeploymentPostprocessing = 0;
		};
/* End PBXFrameworksBuildPhase section */

/* Begin PBXGroup section */
		FA37A8FD29CAD66B00FE3238 = {
			isa = PBXGroup;
			children = (
				FA37A90829CAD66B00FE3238 /* Modo */,
				FA37A91929CAD66C00FE3238 /* ModoTests */,
				FA37A92329CAD66C00FE3238 /* ModoUITests */,
				FA37A90729CAD66B00FE3238 /* Products */,
			);
			sourceTree = "<group>";
		};
		FA37A90729CAD66B00FE3238 /* Products */ = {
			isa = PBXGroup;
			children = (
				FA37A90629CAD66B00FE3238 /* Modo.app */,
				FA37A91629CAD66C00FE3238 /* ModoTests.xctest */,
				FA37A92029CAD66C00FE3238 /* ModoUITests.xctest */,
			);
			name = Products;
			sourceTree = "<group>";
		};
		FA37A90829CAD66B00FE3238 /* Modo */ = {
			isa = PBXGroup;
			children = (
				FA37A90929CAD66B00FE3238 /* ModoApp.swift */,
				FA37A90B29CAD66B00FE3238 /* ContentView.swift */,
				FA37A90D29CAD66C00FE3238 /* Assets.xcassets */,
				FA37A90F29CAD66C00FE3238 /* Preview Content */,
			);
			path = Modo;
			sourceTree = "<group>";
		};
		FA37A90F29CAD66C00FE3238 /* Preview Content */ = {
			isa = PBXGroup;
			children = (
				FA37A91029CAD66C00FE3238 /* Preview Assets.xcassets */,
			);
			path = "Preview Content";
			sourceTree = "<group>";
		};
		FA37A91929CAD66C00FE3238 /* ModoTests */ = {
			isa = PBXGroup;
			children = (
				FA37A91A29CAD66C00FE3238 /* ModoTests.swift */,
			);
			path = ModoTests;
			sourceTree = "<group>";
		};
		FA37A92329CAD66C00FE3238 /* ModoUITests */ = {
			isa = PBXGroup;
			children = (
				FA37A92429CAD66C00FE3238 /* ModoUITests.swift */,
				FA37A92629CAD66C00FE3238 /* ModoUITestsLaunchTests.swift */,
			);
			path = ModoUITests;
			sourceTree = "<group>";
		};
/* End PBXGroup section */

/* Begin PBXNativeTarget section */
		FA37A90529CAD66B00FE3238 /* Modo */ = {
			isa = PBXNativeTarget;
			buildConfigurationList = FA37A92A29CAD66C00FE3238 /* Build configuration list for PBXNativeTarget "Modo" */;
			buildPhases = (
				FA37A90229CAD66B00FE3238 /* Sources */,
				FA37A90329CAD66B00FE3238 /* Frameworks */,
				FA37A90429CAD66B00FE3238 /* Resources */,
			);
			buildRules = (
			);
			dependencies = (
			);
			name = Modo;
			productName = Modo;
			productReference = FA37A90629CAD66B00FE3238 /* Modo.app */;
			productType = "com.apple.product-type.application";
		};
		FA37A91529CAD66C00FE3238 /* ModoTests */ = {
			isa = PBXNativeTarget;
			buildConfigurationList = FA37A92D29CAD66C00FE3238 /* Build configuration list for PBXNativeTarget "ModoTests" */;
			buildPhases = (
				FA37A91229CAD66C00FE3238 /* Sources */,
				FA37A91329CAD66C00FE3238 /* Frameworks */,
				FA37A91429CAD66C00FE3238 /* Resources */,
			);
			buildRules = (
			);
			dependencies = (
				FA37A91829CAD66C00FE3238 /* PBXTargetDependency */,
			);
			name = ModoTests;
			productName = ModoTests;
			productReference = FA37A91629CAD66C00FE3238 /* ModoTests.xctest */;
			productType = "com.apple.product-type.bundle.unit-test";
		};
		FA37A91F29CAD66C00FE3238 /* ModoUITests */ = {
			isa = PBXNativeTarget;
			buildConfigurationList = FA37A93029CAD66C00FE3238 /* Build configuration list for PBXNativeTarget "ModoUITests" */;
			buildPhases = (
				FA37A91C29CAD66C00FE3238 /* Sources */,
				FA37A91D29CAD66C00FE3238 /* Frameworks */,
				FA37A91E29CAD66C00FE3238 /* Resources */,
			);
			buildRules = (
			);
			dependencies = (
				FA37A92229CAD66C00FE3238 /* PBXTargetDependency */,
			);
			name = ModoUITests;
			productName = ModoUITests;
			productReference = FA37A92029CAD66C00FE3238 /* ModoUITests.xctest */;
			productType = "com.apple.product-type.bundle.ui-testing";
		};
/* End PBXNativeTarget section */

/* Begin PBXProject section */
		FA37A8FE29CAD66B00FE3238 /* Project object */ = {
			isa = PBXProject;
			attributes = {
				BuildIndependentTargetsInParallel = 1;
				LastSwiftUpdateCheck = 1410;
				LastUpgradeCheck = 1410;
				TargetAttributes = {
					FA37A90529CAD66B00FE3238 = {
						CreatedOnToolsVersion = 14.1;
					};
					FA37A91529CAD66C00FE3238 = {
						CreatedOnToolsVersion = 14.1;
						TestTargetID = FA37A90529CAD66B00FE3238;
					};
					FA37A91F29CAD66C00FE3238 = {
						CreatedOnToolsVersion = 14.1;
						TestTargetID = FA37A90529CAD66B00FE3238;
					};
				};
			};
			buildConfigurationList = FA37A90129CAD66B00FE3238 /* Build configuration list for PBXProject "Modo" */;
			compatibilityVersion = "Xcode 14.0";
			developmentRegion = en;
			hasScannedForEncodings = 0;
			knownRegions = (
				en,
				Base,
			);
			mainGroup = FA37A8FD29CAD66B00FE3238;
			productRefGroup = FA37A90729CAD66B00FE3238 /* Products */;
			projectDirPath = "";
			projectRoot = "";
			targets = (
				FA37A90529CAD66B00FE3238 /* Modo */,
				FA37A91529CAD66C00FE3238 /* ModoTests */,
				FA37A91F29CAD66C00FE3238 /* ModoUITests */,
			);
		};
/* End PBXProject section */

/* Begin PBXResourcesBuildPhase section */
		FA37A90429CAD66B00FE3238 /* Resources */ = {
			isa = PBXResourcesBuildPhase;
			buildActionMask = 2147483647;
			files = (
				FA37A91129CAD66C00FE3238 /* Preview Assets.xcassets in Resources */,
				FA37A90E29CAD66C00FE3238 /* Assets.xcassets in Resources */,
			);
			runOnlyForDeploymentPostprocessing = 0;
		};
		FA37A91429CAD66C00FE3238 /* Resources */ = {
			isa = PBXResourcesBuildPhase;
			buildActionMask = 2147483647;
			files = (
			);
			runOnlyForDeploymentPostprocessing = 0;
		};
		FA37A91E29CAD66C00FE3238 /* Resources */ = {
			isa = PBXResourcesBuildPhase;
			buildActionMask = 2147483647;
			files = (
			);
			runOnlyForDeploymentPostprocessing = 0;
		};
/* End PBXResourcesBuildPhase section */

/* Begin PBXSourcesBuildPhase section */
		FA37A90229CAD66B00FE3238 /* Sources */ = {
			isa = PBXSourcesBuildPhase;
			buildActionMask = 2147483647;
			files = (
				FA37A90C29CAD66B00FE3238 /* ContentView.swift in Sources */,
				FA37A90A29CAD66B00FE3238 /* ModoApp.swift in Sources */,
			);
			runOnlyForDeploymentPostprocessing = 0;
		};
		FA37A91229CAD66C00FE3238 /* Sources */ = {
			isa = PBXSourcesBuildPhase;
			buildActionMask = 2147483647;
			files = (
				FA37A91B29CAD66C00FE3238 /* ModoTests.swift in Sources */,
			);
			runOnlyForDeploymentPostprocessing = 0;
		};
		FA37A91C29CAD66C00FE3238 /* Sources */ = {
			isa = PBXSourcesBuildPhase;
			buildActionMask = 2147483647;
			files = (
				FA37A92529CAD66C00FE3238 /* ModoUITests.swift in Sources */,
				FA37A92729CAD66C00FE3238 /* ModoUITestsLaunchTests.swift in Sources */,
			);
			runOnlyForDeploymentPostprocessing = 0;
		};
/* End PBXSourcesBuildPhase section */

/* Begin PBXTargetDependency section */
		FA37A91829CAD66C00FE3238 /* PBXTargetDependency */ = {
			isa = PBXTargetDependency;
			target = FA37A90529CAD66B00FE3238 /* Modo */;
			targetProxy = FA37A91729CAD66C00FE3238 /* PBXContainerItemProxy */;
		};
		FA37A92229CAD66C00FE3238 /* PBXTargetDependency */ = {
			isa = PBXTargetDependency;
			target = FA37A90529CAD66B00FE3238 /* Modo */;
			targetProxy = FA37A92129CAD66C00FE3238 /* PBXContainerItemProxy */;
		};
/* End PBXTargetDependency section */

/* Begin XCBuildConfiguration section */
		FA37A92829CAD66C00FE3238 /* Debug */ = {
			isa = XCBuildConfiguration;
			buildSettings = {
				ALWAYS_SEARCH_USER_PATHS = NO;
				CLANG_ANALYZER_NONNULL = YES;
				CLANG_ANALYZER_NUMBER_OBJECT_CONVERSION = YES_AGGRESSIVE;
				CLANG_CXX_LANGUAGE_STANDARD = "gnu++20";
				CLANG_ENABLE_MODULES = YES;
				CLANG_ENABLE_OBJC_ARC = YES;
				CLANG_ENABLE_OBJC_WEAK = YES;
				CLANG_WARN_BLOCK_CAPTURE_AUTORELEASING = YES;
				CLANG_WARN_BOOL_CONVERSION = YES;
				CLANG_WARN_COMMA = YES;
				CLANG_WARN_CONSTANT_CONVERSION = YES;
				CLANG_WARN_DEPRECATED_OBJC_IMPLEMENTATIONS = YES;
				CLANG_WARN_DIRECT_OBJC_ISA_USAGE = YES_ERROR;
				CLANG_WARN_DOCUMENTATION_COMMENTS = YES;
				CLANG_WARN_EMPTY_BODY = YES;
				CLANG_WARN_ENUM_CONVERSION = YES;
				CLANG_WARN_INFINITE_RECURSION = YES;
				CLANG_WARN_INT_CONVERSION = YES;
				CLANG_WARN_NON_LITERAL_NULL_CONVERSION = YES;
				CLANG_WARN_OBJC_IMPLICIT_RETAIN_SELF = YES;
				CLANG_WARN_OBJC_LITERAL_CONVERSION = YES;
				CLANG_WARN_OBJC_ROOT_CLASS = YES_ERROR;
				CLANG_WARN_QUOTED_INCLUDE_IN_FRAMEWORK_HEADER = YES;
				CLANG_WARN_RANGE_LOOP_ANALYSIS = YES;
				CLANG_WARN_STRICT_PROTOTYPES = YES;
				CLANG_WARN_SUSPICIOUS_MOVE = YES;
				CLANG_WARN_UNGUARDED_AVAILABILITY = YES_AGGRESSIVE;
				CLANG_WARN_UNREACHABLE_CODE = YES;
				CLANG_WARN__DUPLICATE_METHOD_MATCH = YES;
				COPY_PHASE_STRIP = NO;
				DEBUG_INFORMATION_FORMAT = dwarf;
				ENABLE_STRICT_OBJC_MSGSEND = YES;
				ENABLE_TESTABILITY = YES;
				GCC_C_LANGUAGE_STANDARD = gnu11;
				GCC_DYNAMIC_NO_PIC = NO;
				GCC_NO_COMMON_BLOCKS = YES;
				GCC_OPTIMIZATION_LEVEL = 0;
				GCC_PREPROCESSOR_DEFINITIONS = (
					"DEBUG=1",
					"$(inherited)",
				);
				GCC_WARN_64_TO_32_BIT_CONVERSION = YES;
				GCC_WARN_ABOUT_RETURN_TYPE = YES_ERROR;
				GCC_WARN_UNDECLARED_SELECTOR = YES;
				GCC_WARN_UNINITIALIZED_AUTOS = YES_AGGRESSIVE;
				GCC_WARN_UNUSED_FUNCTION = YES;
				GCC_WARN_UNUSED_VARIABLE = YES;
				IPHONEOS_DEPLOYMENT_TARGET = 16.0;
				MTL_ENABLE_DEBUG_INFO = INCLUDE_SOURCE;
				MTL_FAST_MATH = YES;
				ONLY_ACTIVE_ARCH = YES;
				SDKROOT = iphoneos;
				SWIFT_ACTIVE_COMPILATION_CONDITIONS = DEBUG;
				SWIFT_OPTIMIZATION_LEVEL = "-Onone";
			};
			name = Debug;
		};
		FA37A92929CAD66C00FE3238 /* Release */ = {
			isa = XCBuildConfiguration;
			buildSettings = {
				ALWAYS_SEARCH_USER_PATHS = NO;
				CLANG_ANALYZER_NONNULL = YES;
				CLANG_ANALYZER_NUMBER_OBJECT_CONVERSION = YES_AGGRESSIVE;
				CLANG_CXX_LANGUAGE_STANDARD = "gnu++20";
				CLANG_ENABLE_MODULES = YES;
				CLANG_ENABLE_OBJC_ARC = YES;
				CLANG_ENABLE_OBJC_WEAK = YES;
				CLANG_WARN_BLOCK_CAPTURE_AUTORELEASING = YES;
				CLANG_WARN_BOOL_CONVERSION = YES;
				CLANG_WARN_COMMA = YES;
				CLANG_WARN_CONSTANT_CONVERSION = YES;
				CLANG_WARN_DEPRECATED_OBJC_IMPLEMENTATIONS = YES;
				CLANG_WARN_DIRECT_OBJC_ISA_USAGE = YES_ERROR;
				CLANG_WARN_DOCUMENTATION_COMMENTS = YES;
				CLANG_WARN_EMPTY_BODY = YES;
				CLANG_WARN_ENUM_CONVERSION = YES;
				CLANG_WARN_INFINITE_RECURSION = YES;
				CLANG_WARN_INT_CONVERSION = YES;
				CLANG_WARN_NON_LITERAL_NULL_CONVERSION = YES;
				CLANG_WARN_OBJC_IMPLICIT_RETAIN_SELF = YES;
				CLANG_WARN_OBJC_LITERAL_CONVERSION = YES;
				CLANG_WARN_OBJC_ROOT_CLASS = YES_ERROR;
				CLANG_WARN_QUOTED_INCLUDE_IN_FRAMEWORK_HEADER = YES;
				CLANG_WARN_RANGE_LOOP_ANALYSIS = YES;
				CLANG_WARN_STRICT_PROTOTYPES = YES;
				CLANG_WARN_SUSPICIOUS_MOVE = YES;
				CLANG_WARN_UNGUARDED_AVAILABILITY = YES_AGGRESSIVE;
				CLANG_WARN_UNREACHABLE_CODE = YES;
				CLANG_WARN__DUPLICATE_METHOD_MATCH = YES;
				COPY_PHASE_STRIP = NO;
				DEBUG_INFORMATION_FORMAT = "dwarf-with-dsym";
				ENABLE_NS_ASSERTIONS = NO;
				ENABLE_STRICT_OBJC_MSGSEND = YES;
				GCC_C_LANGUAGE_STANDARD = gnu11;
				GCC_NO_COMMON_BLOCKS = YES;
				GCC_WARN_64_TO_32_BIT_CONVERSION = YES;
				GCC_WARN_ABOUT_RETURN_TYPE = YES_ERROR;
				GCC_WARN_UNDECLARED_SELECTOR = YES;
				GCC_WARN_UNINITIALIZED_AUTOS = YES_AGGRESSIVE;
				GCC_WARN_UNUSED_FUNCTION = YES;
				GCC_WARN_UNUSED_VARIABLE = YES;
				IPHONEOS_DEPLOYMENT_TARGET = 16.0;
				MTL_ENABLE_DEBUG_INFO = NO;
				MTL_FAST_MATH = YES;
				SDKROOT = iphoneos;
				SWIFT_COMPILATION_MODE = wholemodule;
				SWIFT_OPTIMIZATION_LEVEL = "-O";
				VALIDATE_PRODUCT = YES;
			};
			name = Release;
		};
		FA37A92B29CAD66C00FE3238 /* Debug */ = {
			isa = XCBuildConfiguration;
			buildSettings = {
				ASSETCATALOG_COMPILER_APPICON_NAME = AppIcon;
				ASSETCATALOG_COMPILER_GLOBAL_ACCENT_COLOR_NAME = AccentColor;
				CODE_SIGN_STYLE = Automatic;
				CURRENT_PROJECT_VERSION = 1;
				DEVELOPMENT_ASSET_PATHS = "\"Modo/Preview Content\"";
				ENABLE_PREVIEWS = YES;
				GENERATE_INFOPLIST_FILE = YES;
				INFOPLIST_KEY_UIApplicationSceneManifest_Generation = YES;
				INFOPLIST_KEY_UIApplicationSupportsIndirectInputEvents = YES;
				INFOPLIST_KEY_UILaunchScreen_Generation = YES;
				INFOPLIST_KEY_UISupportedInterfaceOrientations = UIInterfaceOrientationPortrait;
				INFOPLIST_KEY_UISupportedInterfaceOrientations_iPad = "UIInterfaceOrientationLandscapeLeft UIInterfaceOrientationLandscapeRight UIInterfaceOrientationPortrait UIInterfaceOrientationPortraitUpsideDown";
				IPHONEOS_DEPLOYMENT_TARGET = 16.0;
				LD_RUNPATH_SEARCH_PATHS = (
					"$(inherited)",
					"@executable_path/Frameworks",
				);
				MARKETING_VERSION = 1.0;
				PRODUCT_BUNDLE_IDENTIFIER = com.heodoo.Modo;
				PRODUCT_NAME = "$(TARGET_NAME)";
				SUPPORTED_PLATFORMS = "iphoneos iphonesimulator";
				SUPPORTS_MACCATALYST = NO;
				SUPPORTS_MAC_DESIGNED_FOR_IPHONE_IPAD = NO;
				SWIFT_EMIT_LOC_STRINGS = YES;
				SWIFT_VERSION = 5.0;
				TARGETED_DEVICE_FAMILY = 1;
			};
			name = Debug;
		};
		FA37A92C29CAD66C00FE3238 /* Release */ = {
			isa = XCBuildConfiguration;
			buildSettings = {
				ASSETCATALOG_COMPILER_APPICON_NAME = AppIcon;
				ASSETCATALOG_COMPILER_GLOBAL_ACCENT_COLOR_NAME = AccentColor;
				CODE_SIGN_STYLE = Automatic;
				CURRENT_PROJECT_VERSION = 1;
				DEVELOPMENT_ASSET_PATHS = "\"Modo/Preview Content\"";
				ENABLE_PREVIEWS = YES;
				GENERATE_INFOPLIST_FILE = YES;
				INFOPLIST_KEY_UIApplicationSceneManifest_Generation = YES;
				INFOPLIST_KEY_UIApplicationSupportsIndirectInputEvents = YES;
				INFOPLIST_KEY_UILaunchScreen_Generation = YES;
				INFOPLIST_KEY_UISupportedInterfaceOrientations = UIInterfaceOrientationPortrait;
				INFOPLIST_KEY_UISupportedInterfaceOrientations_iPad = "UIInterfaceOrientationLandscapeLeft UIInterfaceOrientationLandscapeRight UIInterfaceOrientationPortrait UIInterfaceOrientationPortraitUpsideDown";
				IPHONEOS_DEPLOYMENT_TARGET = 16.0;
				LD_RUNPATH_SEARCH_PATHS = (
					"$(inherited)",
					"@executable_path/Frameworks",
				);
				MARKETING_VERSION = 1.0;
				PRODUCT_BUNDLE_IDENTIFIER = com.heodoo.Modo;
				PRODUCT_NAME = "$(TARGET_NAME)";
				SUPPORTED_PLATFORMS = "iphoneos iphonesimulator";
				SUPPORTS_MACCATALYST = NO;
				SUPPORTS_MAC_DESIGNED_FOR_IPHONE_IPAD = NO;
				SWIFT_EMIT_LOC_STRINGS = YES;
				SWIFT_VERSION = 5.0;
				TARGETED_DEVICE_FAMILY = 1;
			};
			name = Release;
		};
		FA37A92E29CAD66C00FE3238 /* Debug */ = {
			isa = XCBuildConfiguration;
			buildSettings = {
				ALWAYS_EMBED_SWIFT_STANDARD_LIBRARIES = YES;
				BUNDLE_LOADER = "$(TEST_HOST)";
				CODE_SIGN_STYLE = Automatic;
				CURRENT_PROJECT_VERSION = 1;
				GENERATE_INFOPLIST_FILE = YES;
				IPHONEOS_DEPLOYMENT_TARGET = 16.1;
				MARKETING_VERSION = 1.0;
				PRODUCT_BUNDLE_IDENTIFIER = com.heodoo.ModoTests;
				PRODUCT_NAME = "$(TARGET_NAME)";
				SUPPORTED_PLATFORMS = "iphoneos iphonesimulator";
				SUPPORTS_MACCATALYST = NO;
				SUPPORTS_MAC_DESIGNED_FOR_IPHONE_IPAD = NO;
				SWIFT_EMIT_LOC_STRINGS = NO;
				SWIFT_VERSION = 5.0;
				TARGETED_DEVICE_FAMILY = 1;
				TEST_HOST = "$(BUILT_PRODUCTS_DIR)/Modo.app/$(BUNDLE_EXECUTABLE_FOLDER_PATH)/Modo";
			};
			name = Debug;
		};
		FA37A92F29CAD66C00FE3238 /* Release */ = {
			isa = XCBuildConfiguration;
			buildSettings = {
				ALWAYS_EMBED_SWIFT_STANDARD_LIBRARIES = YES;
				BUNDLE_LOADER = "$(TEST_HOST)";
				CODE_SIGN_STYLE = Automatic;
				CURRENT_PROJECT_VERSION = 1;
				GENERATE_INFOPLIST_FILE = YES;
				IPHONEOS_DEPLOYMENT_TARGET = 16.1;
				MARKETING_VERSION = 1.0;
				PRODUCT_BUNDLE_IDENTIFIER = com.heodoo.ModoTests;
				PRODUCT_NAME = "$(TARGET_NAME)";
				SUPPORTED_PLATFORMS = "iphoneos iphonesimulator";
				SUPPORTS_MACCATALYST = NO;
				SUPPORTS_MAC_DESIGNED_FOR_IPHONE_IPAD = NO;
				SWIFT_EMIT_LOC_STRINGS = NO;
				SWIFT_VERSION = 5.0;
				TARGETED_DEVICE_FAMILY = 1;
				TEST_HOST = "$(BUILT_PRODUCTS_DIR)/Modo.app/$(BUNDLE_EXECUTABLE_FOLDER_PATH)/Modo";
			};
			name = Release;
		};
		FA37A93129CAD66C00FE3238 /* Debug */ = {
			isa = XCBuildConfiguration;
			buildSettings = {
				ALWAYS_EMBED_SWIFT_STANDARD_LIBRARIES = YES;
				CODE_SIGN_STYLE = Automatic;
				CURRENT_PROJECT_VERSION = 1;
				GENERATE_INFOPLIST_FILE = YES;
				MARKETING_VERSION = 1.0;
				PRODUCT_BUNDLE_IDENTIFIER = com.heodoo.ModoUITests;
				PRODUCT_NAME = "$(TARGET_NAME)";
				SUPPORTED_PLATFORMS = "iphoneos iphonesimulator";
				SUPPORTS_MACCATALYST = NO;
				SUPPORTS_MAC_DESIGNED_FOR_IPHONE_IPAD = NO;
				SWIFT_EMIT_LOC_STRINGS = NO;
				SWIFT_VERSION = 5.0;
				TARGETED_DEVICE_FAMILY = 1;
				TEST_TARGET_NAME = Modo;
			};
			name = Debug;
		};
		FA37A93229CAD66C00FE3238 /* Release */ = {
			isa = XCBuildConfiguration;
			buildSettings = {
				ALWAYS_EMBED_SWIFT_STANDARD_LIBRARIES = YES;
				CODE_SIGN_STYLE = Automatic;
				CURRENT_PROJECT_VERSION = 1;
				GENERATE_INFOPLIST_FILE = YES;
				MARKETING_VERSION = 1.0;
				PRODUCT_BUNDLE_IDENTIFIER = com.heodoo.ModoUITests;
				PRODUCT_NAME = "$(TARGET_NAME)";
				SUPPORTED_PLATFORMS = "iphoneos iphonesimulator";
				SUPPORTS_MACCATALYST = NO;
				SUPPORTS_MAC_DESIGNED_FOR_IPHONE_IPAD = NO;
				SWIFT_EMIT_LOC_STRINGS = NO;
				SWIFT_VERSION = 5.0;
				TARGETED_DEVICE_FAMILY = 1;
				TEST_TARGET_NAME = Modo;
			};
			name = Release;
		};
/* End XCBuildConfiguration section */

/* Begin XCConfigurationList section */
		FA37A90129CAD66B00FE3238 /* Build configuration list for PBXProject "Modo" */ = {
			isa = XCConfigurationList;
			buildConfigurations = (
				FA37A92829CAD66C00FE3238 /* Debug */,
				FA37A92929CAD66C00FE3238 /* Release */,
			);
			defaultConfigurationIsVisible = 0;
			defaultConfigurationName = Release;
		};
		FA37A92A29CAD66C00FE3238 /* Build configuration list for PBXNativeTarget "Modo" */ = {
			isa = XCConfigurationList;
			buildConfigurations = (
				FA37A92B29CAD66C00FE3238 /* Debug */,
				FA37A92C29CAD66C00FE3238 /* Release */,
			);
			defaultConfigurationIsVisible = 0;
			defaultConfigurationName = Release;
		};
		FA37A92D29CAD66C00FE3238 /* Build configuration list for PBXNativeTarget "ModoTests" */ = {
			isa = XCConfigurationList;
			buildConfigurations = (
				FA37A92E29CAD66C00FE3238 /* Debug */,
				FA37A92F29CAD66C00FE3238 /* Release */,
			);
			defaultConfigurationIsVisible = 0;
			defaultConfigurationName = Release;
		};
		FA37A93029CAD66C00FE3238 /* Build configuration list for PBXNativeTarget "ModoUITests" */ = {
			isa = XCConfigurationList;
			buildConfigurations = (
				FA37A93129CAD66C00FE3238 /* Debug */,
				FA37A93229CAD66C00FE3238 /* Release */,
			);
			defaultConfigurationIsVisible = 0;
			defaultConfigurationName = Release;
		};
/* End XCConfigurationList section */
	};
	rootObject = FA37A8FE29CAD66B00FE3238 /* Project object */;
}
