// !$*UTF8*$!
{
	archiveVersion = 1;
	classes = {
	};
	objectVersion = 56;
	objects = {

/* Begin PBXBuildFile section */
		2A87D142D4F7B8BFDB3FBC82 /* Pods_ModoTests.framework in Frameworks */ = {isa = PBXBuildFile; fileRef = 09B6A1171E3FD5A23400320E /* Pods_ModoTests.framework */; };
		C1B2F99FEA2502C6FDE1FE4D /* Pods_Modo_ModoUITests.framework in Frameworks */ = {isa = PBXBuildFile; fileRef = D6AF84F92E67758DCB8A99BD /* Pods_Modo_ModoUITests.framework */; };
		FA1B8CB129FA815900B23872 /* PhoneAuthView.swift in Sources */ = {isa = PBXBuildFile; fileRef = FA1B8CB029FA815900B23872 /* PhoneAuthView.swift */; };
		FA1B8CB329FA817B00B23872 /* MapAuthView.swift in Sources */ = {isa = PBXBuildFile; fileRef = FA1B8CB229FA817B00B23872 /* MapAuthView.swift */; };
		FA1B8CC12A01057900B23872 /* Secret.swift in Sources */ = {isa = PBXBuildFile; fileRef = FA1B8CC02A01057900B23872 /* Secret.swift */; };
		FA1B8CC42A010A9200B23872 /* NaverMap.swift in Sources */ = {isa = PBXBuildFile; fileRef = FA1B8CC32A010A9200B23872 /* NaverMap.swift */; };
		FA1B8CC62A02614B00B23872 /* GoogleService-Info.plist in Resources */ = {isa = PBXBuildFile; fileRef = FA1B8CC52A02614B00B23872 /* GoogleService-Info.plist */; };
		FA1B8CC72A02637D00B23872 /* Pods_Modo.framework in Frameworks */ = {isa = PBXBuildFile; fileRef = FA0A176DE02F9803427F869D /* Pods_Modo.framework */; };
		FA1B8CCA2A0263B300B23872 /* Secret.xcconfig in Resources */ = {isa = PBXBuildFile; fileRef = FA1B8CC22A0108E100B23872 /* Secret.xcconfig */; };
		FA1B8CCC2A02685F00B23872 /* LocationManager.swift in Sources */ = {isa = PBXBuildFile; fileRef = FA1B8CCB2A02685F00B23872 /* LocationManager.swift */; };
		FA1B8CCE2A091F1E00B23872 /* ReverseGeocodeViewModel.swift in Sources */ = {isa = PBXBuildFile; fileRef = FA1B8CCD2A091F1E00B23872 /* ReverseGeocodeViewModel.swift */; };
		FA1B8CD02A091FBD00B23872 /* ReverseGeocodeDTO.swift in Sources */ = {isa = PBXBuildFile; fileRef = FA1B8CCF2A091FBD00B23872 /* ReverseGeocodeDTO.swift */; };
		FA1B8CD22A0920C500B23872 /* ReverseGeocodeService.swift in Sources */ = {isa = PBXBuildFile; fileRef = FA1B8CD12A0920C500B23872 /* ReverseGeocodeService.swift */; };
		FA1B8CD42A0920D100B23872 /* ReverseGeocodeRouter.swift in Sources */ = {isa = PBXBuildFile; fileRef = FA1B8CD32A0920D100B23872 /* ReverseGeocodeRouter.swift */; };
		FA1B8CD62A0B8DEB00B23872 /* SignUpCompleteView.swift in Sources */ = {isa = PBXBuildFile; fileRef = FA1B8CD52A0B8DEB00B23872 /* SignUpCompleteView.swift */; };
		FA1B8CD82A0F9CF500B23872 /* SignUpView.swift in Sources */ = {isa = PBXBuildFile; fileRef = FA1B8CD72A0F9CF500B23872 /* SignUpView.swift */; };
		FA1B8CDB2A0FA14300B23872 /* StatusView.swift in Sources */ = {isa = PBXBuildFile; fileRef = FA1B8CDA2A0FA14300B23872 /* StatusView.swift */; };
		FA1B8CDE2A0FA15500B23872 /* ChatView.swift in Sources */ = {isa = PBXBuildFile; fileRef = FA1B8CDD2A0FA15500B23872 /* ChatView.swift */; };
		FA1B8CE12A0FA17100B23872 /* LikeView.swift in Sources */ = {isa = PBXBuildFile; fileRef = FA1B8CE02A0FA17100B23872 /* LikeView.swift */; };
		FA1B8CE42A0FA18900B23872 /* ProfileView.swift in Sources */ = {isa = PBXBuildFile; fileRef = FA1B8CE32A0FA18900B23872 /* ProfileView.swift */; };
		FA1B8CE82A10B1D600B23872 /* HomeNaverMap.swift in Sources */ = {isa = PBXBuildFile; fileRef = FA1B8CE72A10B1D600B23872 /* HomeNaverMap.swift */; };
		FA1B8CEA2A10BD0400B23872 /* AddBookView.swift in Sources */ = {isa = PBXBuildFile; fileRef = FA1B8CE92A10BD0400B23872 /* AddBookView.swift */; };
		FA1B8CEC2A10CB6100B23872 /* Book.swift in Sources */ = {isa = PBXBuildFile; fileRef = FA1B8CEB2A10CB6100B23872 /* Book.swift */; };
		FA1B8CEE2A10D4CC00B23872 /* BookViewModel.swift in Sources */ = {isa = PBXBuildFile; fileRef = FA1B8CED2A10D4CC00B23872 /* BookViewModel.swift */; };
		FA1B8CF02A12307700B23872 /* BookDetailView.swift in Sources */ = {isa = PBXBuildFile; fileRef = FA1B8CEF2A12307700B23872 /* BookDetailView.swift */; };
		FA1B8CF22A14B44000B23872 /* ChatDetailView.swift in Sources */ = {isa = PBXBuildFile; fileRef = FA1B8CF12A14B44000B23872 /* ChatDetailView.swift */; };
		FA1B8CF42A14C9B000B23872 /* SendTextField.swift in Sources */ = {isa = PBXBuildFile; fileRef = FA1B8CF32A14C9B000B23872 /* SendTextField.swift */; };
		FA1B8CF62A15FD4200B23872 /* MessageViewModel.swift in Sources */ = {isa = PBXBuildFile; fileRef = FA1B8CF52A15FD4200B23872 /* MessageViewModel.swift */; };
		FA1B8CF82A15FE1100B23872 /* Message.swift in Sources */ = {isa = PBXBuildFile; fileRef = FA1B8CF72A15FE1100B23872 /* Message.swift */; };
		FA1B8CFA2A160C0300B23872 /* Chat.swift in Sources */ = {isa = PBXBuildFile; fileRef = FA1B8CF92A160C0300B23872 /* Chat.swift */; };
		FA1B8CFC2A19F1B100B23872 /* WriteReviewView.swift in Sources */ = {isa = PBXBuildFile; fileRef = FA1B8CFB2A19F1B100B23872 /* WriteReviewView.swift */; };
		FA1B8CFE2A1CB8FA00B23872 /* NaverBookSearchRouter.swift in Sources */ = {isa = PBXBuildFile; fileRef = FA1B8CFD2A1CB8FA00B23872 /* NaverBookSearchRouter.swift */; };
		FA1B8D002A1CB90700B23872 /* NaverBookSearchViewModel.swift in Sources */ = {isa = PBXBuildFile; fileRef = FA1B8CFF2A1CB90700B23872 /* NaverBookSearchViewModel.swift */; };
		FA1B8D022A1CB91300B23872 /* NaverBookSearchDTO.swift in Sources */ = {isa = PBXBuildFile; fileRef = FA1B8D012A1CB91300B23872 /* NaverBookSearchDTO.swift */; };
		FA1B8D042A1CBD3800B23872 /* NaverBookSearchService.swift in Sources */ = {isa = PBXBuildFile; fileRef = FA1B8D032A1CBD3800B23872 /* NaverBookSearchService.swift */; };
		FA37A90A29CAD66B00FE3238 /* ModoApp.swift in Sources */ = {isa = PBXBuildFile; fileRef = FA37A90929CAD66B00FE3238 /* ModoApp.swift */; };
		FA37A90C29CAD66B00FE3238 /* ContentView.swift in Sources */ = {isa = PBXBuildFile; fileRef = FA37A90B29CAD66B00FE3238 /* ContentView.swift */; };
		FA37A90E29CAD66C00FE3238 /* Assets.xcassets in Resources */ = {isa = PBXBuildFile; fileRef = FA37A90D29CAD66C00FE3238 /* Assets.xcassets */; };
		FA37A91129CAD66C00FE3238 /* Preview Assets.xcassets in Resources */ = {isa = PBXBuildFile; fileRef = FA37A91029CAD66C00FE3238 /* Preview Assets.xcassets */; };
		FA37A91B29CAD66C00FE3238 /* ModoTests.swift in Sources */ = {isa = PBXBuildFile; fileRef = FA37A91A29CAD66C00FE3238 /* ModoTests.swift */; };
		FA37A92529CAD66C00FE3238 /* ModoUITests.swift in Sources */ = {isa = PBXBuildFile; fileRef = FA37A92429CAD66C00FE3238 /* ModoUITests.swift */; };
		FA37A92729CAD66C00FE3238 /* ModoUITestsLaunchTests.swift in Sources */ = {isa = PBXBuildFile; fileRef = FA37A92629CAD66C00FE3238 /* ModoUITestsLaunchTests.swift */; };
		FA37A93929CED7BD00FE3238 /* HomeView.swift in Sources */ = {isa = PBXBuildFile; fileRef = FA37A93829CED7BD00FE3238 /* HomeView.swift */; };
		FA37A93B29CED7CB00FE3238 /* AuthView.swift in Sources */ = {isa = PBXBuildFile; fileRef = FA37A93A29CED7CB00FE3238 /* AuthView.swift */; };
		FA37A93D29CED7EC00FE3238 /* SignInView.swift in Sources */ = {isa = PBXBuildFile; fileRef = FA37A93C29CED7EC00FE3238 /* SignInView.swift */; };
		FA37A93F29CED7F400FE3238 /* SignUpDetailView.swift in Sources */ = {isa = PBXBuildFile; fileRef = FA37A93E29CED7F400FE3238 /* SignUpDetailView.swift */; };
		FA37A94529CED8D500FE3238 /* Constants.swift in Sources */ = {isa = PBXBuildFile; fileRef = FA37A94429CED8D500FE3238 /* Constants.swift */; };
		FA37A94829CED92B00FE3238 /* Ex+UIDevice.swift in Sources */ = {isa = PBXBuildFile; fileRef = FA37A94729CED92B00FE3238 /* Ex+UIDevice.swift */; };
		FA37A94A29CED95100FE3238 /* Ex+View.swift in Sources */ = {isa = PBXBuildFile; fileRef = FA37A94929CED95100FE3238 /* Ex+View.swift */; };
		FA37A94C29CED97300FE3238 /* Ex+Font.swift in Sources */ = {isa = PBXBuildFile; fileRef = FA37A94B29CED97300FE3238 /* Ex+Font.swift */; };
		FA37A94E29CED9B700FE3238 /* Ex+Date.swift in Sources */ = {isa = PBXBuildFile; fileRef = FA37A94D29CED9B700FE3238 /* Ex+Date.swift */; };
		FA37A95A29CEDA7100FE3238 /* Pretendard-Regular.otf in Resources */ = {isa = PBXBuildFile; fileRef = FA37A95129CEDA7100FE3238 /* Pretendard-Regular.otf */; };
		FA37A95B29CEDA7100FE3238 /* Pretendard-Black.otf in Resources */ = {isa = PBXBuildFile; fileRef = FA37A95229CEDA7100FE3238 /* Pretendard-Black.otf */; };
		FA37A95C29CEDA7100FE3238 /* Pretendard-Medium.otf in Resources */ = {isa = PBXBuildFile; fileRef = FA37A95329CEDA7100FE3238 /* Pretendard-Medium.otf */; };
		FA37A95D29CEDA7100FE3238 /* Pretendard-Light.otf in Resources */ = {isa = PBXBuildFile; fileRef = FA37A95429CEDA7100FE3238 /* Pretendard-Light.otf */; };
		FA37A95E29CEDA7100FE3238 /* Pretendard-ExtraBold.otf in Resources */ = {isa = PBXBuildFile; fileRef = FA37A95529CEDA7100FE3238 /* Pretendard-ExtraBold.otf */; };
		FA37A95F29CEDA7100FE3238 /* Pretendard-Bold.otf in Resources */ = {isa = PBXBuildFile; fileRef = FA37A95629CEDA7100FE3238 /* Pretendard-Bold.otf */; };
		FA37A96029CEDA7100FE3238 /* Pretendard-Thin.otf in Resources */ = {isa = PBXBuildFile; fileRef = FA37A95729CEDA7100FE3238 /* Pretendard-Thin.otf */; };
		FA37A96129CEDA7100FE3238 /* Pretendard-ExtraLight.otf in Resources */ = {isa = PBXBuildFile; fileRef = FA37A95829CEDA7100FE3238 /* Pretendard-ExtraLight.otf */; };
		FA37A96229CEDA7100FE3238 /* Pretendard-SemiBold.otf in Resources */ = {isa = PBXBuildFile; fileRef = FA37A95929CEDA7100FE3238 /* Pretendard-SemiBold.otf */; };
		FA37A96629CEDE5200FE3238 /* PreviewDevice.swift in Sources */ = {isa = PBXBuildFile; fileRef = FA37A96529CEDE5200FE3238 /* PreviewDevice.swift */; };
		FA37A96929CEDEBA00FE3238 /* BtnModifier.swift in Sources */ = {isa = PBXBuildFile; fileRef = FA37A96829CEDEBA00FE3238 /* BtnModifier.swift */; };
		FA37A96C29CEE04600FE3238 /* User.swift in Sources */ = {isa = PBXBuildFile; fileRef = FA37A96B29CEE04600FE3238 /* User.swift */; };
		FA37A96F29CEE06300FE3238 /* SignUpViewModel.swift in Sources */ = {isa = PBXBuildFile; fileRef = FA37A96E29CEE06300FE3238 /* SignUpViewModel.swift */; };
		FAA71C992A1CE15600E88446 /* BookSearchView.swift in Sources */ = {isa = PBXBuildFile; fileRef = FAA71C982A1CE15600E88446 /* BookSearchView.swift */; };
		FAA71C9D2A1CE1DE00E88446 /* AddBookDetailView.swift in Sources */ = {isa = PBXBuildFile; fileRef = FAA71C9C2A1CE1DE00E88446 /* AddBookDetailView.swift */; };
		FAA71C9F2A1F38A500E88446 /* ChatRoomViewModel.swift in Sources */ = {isa = PBXBuildFile; fileRef = FAA71C9E2A1F38A500E88446 /* ChatRoomViewModel.swift */; };
/* End PBXBuildFile section */

/* Begin PBXContainerItemProxy section */
		FA37A91729CAD66C00FE3238 /* PBXContainerItemProxy */ = {
			isa = PBXContainerItemProxy;
			containerPortal = FA37A8FE29CAD66B00FE3238 /* Project object */;
			proxyType = 1;
			remoteGlobalIDString = FA37A90529CAD66B00FE3238;
			remoteInfo = Modo;
		};
		FA37A92129CAD66C00FE3238 /* PBXContainerItemProxy */ = {
			isa = PBXContainerItemProxy;
			containerPortal = FA37A8FE29CAD66B00FE3238 /* Project object */;
			proxyType = 1;
			remoteGlobalIDString = FA37A90529CAD66B00FE3238;
			remoteInfo = Modo;
		};
/* End PBXContainerItemProxy section */

/* Begin PBXFileReference section */
		09B6A1171E3FD5A23400320E /* Pods_ModoTests.framework */ = {isa = PBXFileReference; explicitFileType = wrapper.framework; includeInIndex = 0; path = Pods_ModoTests.framework; sourceTree = BUILT_PRODUCTS_DIR; };
		5FDA083138A1A75B8945D1B3 /* Pods-Modo-ModoUITests.debug.xcconfig */ = {isa = PBXFileReference; includeInIndex = 1; lastKnownFileType = text.xcconfig; name = "Pods-Modo-ModoUITests.debug.xcconfig"; path = "Target Support Files/Pods-Modo-ModoUITests/Pods-Modo-ModoUITests.debug.xcconfig"; sourceTree = "<group>"; };
		7A5A5E0300E8C749ED5FDB3B /* Pods-Modo.release.xcconfig */ = {isa = PBXFileReference; includeInIndex = 1; lastKnownFileType = text.xcconfig; name = "Pods-Modo.release.xcconfig"; path = "Target Support Files/Pods-Modo/Pods-Modo.release.xcconfig"; sourceTree = "<group>"; };
		B7D2B7D41B045A02F4BB2FD5 /* Pods-Modo.debug.xcconfig */ = {isa = PBXFileReference; includeInIndex = 1; lastKnownFileType = text.xcconfig; name = "Pods-Modo.debug.xcconfig"; path = "Target Support Files/Pods-Modo/Pods-Modo.debug.xcconfig"; sourceTree = "<group>"; };
		C3CB4116004017CC11C6FC4D /* Pods-ModoTests.release.xcconfig */ = {isa = PBXFileReference; includeInIndex = 1; lastKnownFileType = text.xcconfig; name = "Pods-ModoTests.release.xcconfig"; path = "Target Support Files/Pods-ModoTests/Pods-ModoTests.release.xcconfig"; sourceTree = "<group>"; };
		C66E79924594B635E1B0A1C5 /* Pods-Modo-ModoUITests.release.xcconfig */ = {isa = PBXFileReference; includeInIndex = 1; lastKnownFileType = text.xcconfig; name = "Pods-Modo-ModoUITests.release.xcconfig"; path = "Target Support Files/Pods-Modo-ModoUITests/Pods-Modo-ModoUITests.release.xcconfig"; sourceTree = "<group>"; };
		D6AF84F92E67758DCB8A99BD /* Pods_Modo_ModoUITests.framework */ = {isa = PBXFileReference; explicitFileType = wrapper.framework; includeInIndex = 0; path = Pods_Modo_ModoUITests.framework; sourceTree = BUILT_PRODUCTS_DIR; };
		F8FDD738E1688EFF1B877E95 /* Pods-ModoTests.debug.xcconfig */ = {isa = PBXFileReference; includeInIndex = 1; lastKnownFileType = text.xcconfig; name = "Pods-ModoTests.debug.xcconfig"; path = "Target Support Files/Pods-ModoTests/Pods-ModoTests.debug.xcconfig"; sourceTree = "<group>"; };
		FA0A176DE02F9803427F869D /* Pods_Modo.framework */ = {isa = PBXFileReference; explicitFileType = wrapper.framework; includeInIndex = 0; path = Pods_Modo.framework; sourceTree = BUILT_PRODUCTS_DIR; };
		FA1B8CB029FA815900B23872 /* PhoneAuthView.swift */ = {isa = PBXFileReference; lastKnownFileType = sourcecode.swift; path = PhoneAuthView.swift; sourceTree = "<group>"; };
		FA1B8CB229FA817B00B23872 /* MapAuthView.swift */ = {isa = PBXFileReference; lastKnownFileType = sourcecode.swift; path = MapAuthView.swift; sourceTree = "<group>"; };
		FA1B8CC02A01057900B23872 /* Secret.swift */ = {isa = PBXFileReference; lastKnownFileType = sourcecode.swift; path = Secret.swift; sourceTree = "<group>"; };
		FA1B8CC22A0108E100B23872 /* Secret.xcconfig */ = {isa = PBXFileReference; lastKnownFileType = text.xcconfig; path = Secret.xcconfig; sourceTree = "<group>"; };
		FA1B8CC32A010A9200B23872 /* NaverMap.swift */ = {isa = PBXFileReference; lastKnownFileType = sourcecode.swift; path = NaverMap.swift; sourceTree = "<group>"; };
		FA1B8CC52A02614B00B23872 /* GoogleService-Info.plist */ = {isa = PBXFileReference; fileEncoding = 4; lastKnownFileType = text.plist.xml; path = "GoogleService-Info.plist"; sourceTree = "<group>"; };
		FA1B8CCB2A02685F00B23872 /* LocationManager.swift */ = {isa = PBXFileReference; lastKnownFileType = sourcecode.swift; path = LocationManager.swift; sourceTree = "<group>"; };
		FA1B8CCD2A091F1E00B23872 /* ReverseGeocodeViewModel.swift */ = {isa = PBXFileReference; lastKnownFileType = sourcecode.swift; path = ReverseGeocodeViewModel.swift; sourceTree = "<group>"; };
		FA1B8CCF2A091FBD00B23872 /* ReverseGeocodeDTO.swift */ = {isa = PBXFileReference; lastKnownFileType = sourcecode.swift; path = ReverseGeocodeDTO.swift; sourceTree = "<group>"; };
		FA1B8CD12A0920C500B23872 /* ReverseGeocodeService.swift */ = {isa = PBXFileReference; lastKnownFileType = sourcecode.swift; path = ReverseGeocodeService.swift; sourceTree = "<group>"; };
		FA1B8CD32A0920D100B23872 /* ReverseGeocodeRouter.swift */ = {isa = PBXFileReference; lastKnownFileType = sourcecode.swift; path = ReverseGeocodeRouter.swift; sourceTree = "<group>"; };
		FA1B8CD52A0B8DEB00B23872 /* SignUpCompleteView.swift */ = {isa = PBXFileReference; lastKnownFileType = sourcecode.swift; path = SignUpCompleteView.swift; sourceTree = "<group>"; };
		FA1B8CD72A0F9CF500B23872 /* SignUpView.swift */ = {isa = PBXFileReference; lastKnownFileType = sourcecode.swift; path = SignUpView.swift; sourceTree = "<group>"; };
		FA1B8CDA2A0FA14300B23872 /* StatusView.swift */ = {isa = PBXFileReference; lastKnownFileType = sourcecode.swift; path = StatusView.swift; sourceTree = "<group>"; };
		FA1B8CDD2A0FA15500B23872 /* ChatView.swift */ = {isa = PBXFileReference; lastKnownFileType = sourcecode.swift; path = ChatView.swift; sourceTree = "<group>"; };
		FA1B8CE02A0FA17100B23872 /* LikeView.swift */ = {isa = PBXFileReference; lastKnownFileType = sourcecode.swift; path = LikeView.swift; sourceTree = "<group>"; };
		FA1B8CE32A0FA18900B23872 /* ProfileView.swift */ = {isa = PBXFileReference; lastKnownFileType = sourcecode.swift; path = ProfileView.swift; sourceTree = "<group>"; };
		FA1B8CE72A10B1D600B23872 /* HomeNaverMap.swift */ = {isa = PBXFileReference; lastKnownFileType = sourcecode.swift; path = HomeNaverMap.swift; sourceTree = "<group>"; };
		FA1B8CE92A10BD0400B23872 /* AddBookView.swift */ = {isa = PBXFileReference; lastKnownFileType = sourcecode.swift; path = AddBookView.swift; sourceTree = "<group>"; };
		FA1B8CEB2A10CB6100B23872 /* Book.swift */ = {isa = PBXFileReference; lastKnownFileType = sourcecode.swift; path = Book.swift; sourceTree = "<group>"; };
		FA1B8CED2A10D4CC00B23872 /* BookViewModel.swift */ = {isa = PBXFileReference; lastKnownFileType = sourcecode.swift; path = BookViewModel.swift; sourceTree = "<group>"; };
		FA1B8CEF2A12307700B23872 /* BookDetailView.swift */ = {isa = PBXFileReference; lastKnownFileType = sourcecode.swift; path = BookDetailView.swift; sourceTree = "<group>"; };
		FA1B8CF12A14B44000B23872 /* ChatDetailView.swift */ = {isa = PBXFileReference; lastKnownFileType = sourcecode.swift; path = ChatDetailView.swift; sourceTree = "<group>"; };
		FA1B8CF32A14C9B000B23872 /* SendTextField.swift */ = {isa = PBXFileReference; lastKnownFileType = sourcecode.swift; path = SendTextField.swift; sourceTree = "<group>"; };
		FA1B8CF52A15FD4200B23872 /* MessageViewModel.swift */ = {isa = PBXFileReference; lastKnownFileType = sourcecode.swift; path = MessageViewModel.swift; sourceTree = "<group>"; };
		FA1B8CF72A15FE1100B23872 /* Message.swift */ = {isa = PBXFileReference; lastKnownFileType = sourcecode.swift; path = Message.swift; sourceTree = "<group>"; };
		FA1B8CF92A160C0300B23872 /* Chat.swift */ = {isa = PBXFileReference; lastKnownFileType = sourcecode.swift; path = Chat.swift; sourceTree = "<group>"; };
		FA1B8CFB2A19F1B100B23872 /* WriteReviewView.swift */ = {isa = PBXFileReference; lastKnownFileType = sourcecode.swift; path = WriteReviewView.swift; sourceTree = "<group>"; };
		FA1B8CFD2A1CB8FA00B23872 /* NaverBookSearchRouter.swift */ = {isa = PBXFileReference; lastKnownFileType = sourcecode.swift; path = NaverBookSearchRouter.swift; sourceTree = "<group>"; };
		FA1B8CFF2A1CB90700B23872 /* NaverBookSearchViewModel.swift */ = {isa = PBXFileReference; lastKnownFileType = sourcecode.swift; path = NaverBookSearchViewModel.swift; sourceTree = "<group>"; };
		FA1B8D012A1CB91300B23872 /* NaverBookSearchDTO.swift */ = {isa = PBXFileReference; lastKnownFileType = sourcecode.swift; path = NaverBookSearchDTO.swift; sourceTree = "<group>"; };
		FA1B8D032A1CBD3800B23872 /* NaverBookSearchService.swift */ = {isa = PBXFileReference; lastKnownFileType = sourcecode.swift; path = NaverBookSearchService.swift; sourceTree = "<group>"; };
		FA37A90629CAD66B00FE3238 /* Modo.app */ = {isa = PBXFileReference; explicitFileType = wrapper.application; includeInIndex = 0; path = Modo.app; sourceTree = BUILT_PRODUCTS_DIR; };
		FA37A90929CAD66B00FE3238 /* ModoApp.swift */ = {isa = PBXFileReference; lastKnownFileType = sourcecode.swift; path = ModoApp.swift; sourceTree = "<group>"; };
		FA37A90B29CAD66B00FE3238 /* ContentView.swift */ = {isa = PBXFileReference; lastKnownFileType = sourcecode.swift; path = ContentView.swift; sourceTree = "<group>"; };
		FA37A90D29CAD66C00FE3238 /* Assets.xcassets */ = {isa = PBXFileReference; lastKnownFileType = folder.assetcatalog; path = Assets.xcassets; sourceTree = "<group>"; };
		FA37A91029CAD66C00FE3238 /* Preview Assets.xcassets */ = {isa = PBXFileReference; lastKnownFileType = folder.assetcatalog; path = "Preview Assets.xcassets"; sourceTree = "<group>"; };
		FA37A91629CAD66C00FE3238 /* ModoTests.xctest */ = {isa = PBXFileReference; explicitFileType = wrapper.cfbundle; includeInIndex = 0; path = ModoTests.xctest; sourceTree = BUILT_PRODUCTS_DIR; };
		FA37A91A29CAD66C00FE3238 /* ModoTests.swift */ = {isa = PBXFileReference; lastKnownFileType = sourcecode.swift; path = ModoTests.swift; sourceTree = "<group>"; };
		FA37A92029CAD66C00FE3238 /* ModoUITests.xctest */ = {isa = PBXFileReference; explicitFileType = wrapper.cfbundle; includeInIndex = 0; path = ModoUITests.xctest; sourceTree = BUILT_PRODUCTS_DIR; };
		FA37A92429CAD66C00FE3238 /* ModoUITests.swift */ = {isa = PBXFileReference; lastKnownFileType = sourcecode.swift; path = ModoUITests.swift; sourceTree = "<group>"; };
		FA37A92629CAD66C00FE3238 /* ModoUITestsLaunchTests.swift */ = {isa = PBXFileReference; lastKnownFileType = sourcecode.swift; path = ModoUITestsLaunchTests.swift; sourceTree = "<group>"; };
		FA37A93829CED7BD00FE3238 /* HomeView.swift */ = {isa = PBXFileReference; lastKnownFileType = sourcecode.swift; path = HomeView.swift; sourceTree = "<group>"; };
		FA37A93A29CED7CB00FE3238 /* AuthView.swift */ = {isa = PBXFileReference; lastKnownFileType = sourcecode.swift; path = AuthView.swift; sourceTree = "<group>"; };
		FA37A93C29CED7EC00FE3238 /* SignInView.swift */ = {isa = PBXFileReference; lastKnownFileType = sourcecode.swift; path = SignInView.swift; sourceTree = "<group>"; };
		FA37A93E29CED7F400FE3238 /* SignUpDetailView.swift */ = {isa = PBXFileReference; lastKnownFileType = sourcecode.swift; path = SignUpDetailView.swift; sourceTree = "<group>"; };
		FA37A94429CED8D500FE3238 /* Constants.swift */ = {isa = PBXFileReference; lastKnownFileType = sourcecode.swift; path = Constants.swift; sourceTree = "<group>"; };
		FA37A94729CED92B00FE3238 /* Ex+UIDevice.swift */ = {isa = PBXFileReference; lastKnownFileType = sourcecode.swift; path = "Ex+UIDevice.swift"; sourceTree = "<group>"; };
		FA37A94929CED95100FE3238 /* Ex+View.swift */ = {isa = PBXFileReference; lastKnownFileType = sourcecode.swift; path = "Ex+View.swift"; sourceTree = "<group>"; };
		FA37A94B29CED97300FE3238 /* Ex+Font.swift */ = {isa = PBXFileReference; lastKnownFileType = sourcecode.swift; path = "Ex+Font.swift"; sourceTree = "<group>"; };
		FA37A94D29CED9B700FE3238 /* Ex+Date.swift */ = {isa = PBXFileReference; lastKnownFileType = sourcecode.swift; path = "Ex+Date.swift"; sourceTree = "<group>"; };
		FA37A95129CEDA7100FE3238 /* Pretendard-Regular.otf */ = {isa = PBXFileReference; lastKnownFileType = file; path = "Pretendard-Regular.otf"; sourceTree = "<group>"; };
		FA37A95229CEDA7100FE3238 /* Pretendard-Black.otf */ = {isa = PBXFileReference; lastKnownFileType = file; path = "Pretendard-Black.otf"; sourceTree = "<group>"; };
		FA37A95329CEDA7100FE3238 /* Pretendard-Medium.otf */ = {isa = PBXFileReference; lastKnownFileType = file; path = "Pretendard-Medium.otf"; sourceTree = "<group>"; };
		FA37A95429CEDA7100FE3238 /* Pretendard-Light.otf */ = {isa = PBXFileReference; lastKnownFileType = file; path = "Pretendard-Light.otf"; sourceTree = "<group>"; };
		FA37A95529CEDA7100FE3238 /* Pretendard-ExtraBold.otf */ = {isa = PBXFileReference; lastKnownFileType = file; path = "Pretendard-ExtraBold.otf"; sourceTree = "<group>"; };
		FA37A95629CEDA7100FE3238 /* Pretendard-Bold.otf */ = {isa = PBXFileReference; lastKnownFileType = file; path = "Pretendard-Bold.otf"; sourceTree = "<group>"; };
		FA37A95729CEDA7100FE3238 /* Pretendard-Thin.otf */ = {isa = PBXFileReference; lastKnownFileType = file; path = "Pretendard-Thin.otf"; sourceTree = "<group>"; };
		FA37A95829CEDA7100FE3238 /* Pretendard-ExtraLight.otf */ = {isa = PBXFileReference; lastKnownFileType = file; path = "Pretendard-ExtraLight.otf"; sourceTree = "<group>"; };
		FA37A95929CEDA7100FE3238 /* Pretendard-SemiBold.otf */ = {isa = PBXFileReference; lastKnownFileType = file; path = "Pretendard-SemiBold.otf"; sourceTree = "<group>"; };
		FA37A96329CEDC4E00FE3238 /* Info.plist */ = {isa = PBXFileReference; lastKnownFileType = text.plist; path = Info.plist; sourceTree = "<group>"; };
		FA37A96529CEDE5200FE3238 /* PreviewDevice.swift */ = {isa = PBXFileReference; lastKnownFileType = sourcecode.swift; path = PreviewDevice.swift; sourceTree = "<group>"; };
		FA37A96829CEDEBA00FE3238 /* BtnModifier.swift */ = {isa = PBXFileReference; lastKnownFileType = sourcecode.swift; path = BtnModifier.swift; sourceTree = "<group>"; };
		FA37A96B29CEE04600FE3238 /* User.swift */ = {isa = PBXFileReference; lastKnownFileType = sourcecode.swift; path = User.swift; sourceTree = "<group>"; };
		FA37A96E29CEE06300FE3238 /* SignUpViewModel.swift */ = {isa = PBXFileReference; lastKnownFileType = sourcecode.swift; path = SignUpViewModel.swift; sourceTree = "<group>"; };
		FAA71C982A1CE15600E88446 /* BookSearchView.swift */ = {isa = PBXFileReference; lastKnownFileType = sourcecode.swift; path = BookSearchView.swift; sourceTree = "<group>"; };
		FAA71C9C2A1CE1DE00E88446 /* AddBookDetailView.swift */ = {isa = PBXFileReference; lastKnownFileType = sourcecode.swift; path = AddBookDetailView.swift; sourceTree = "<group>"; };
		FAA71C9E2A1F38A500E88446 /* ChatRoomViewModel.swift */ = {isa = PBXFileReference; lastKnownFileType = sourcecode.swift; path = ChatRoomViewModel.swift; sourceTree = "<group>"; };
/* End PBXFileReference section */

/* Begin PBXFrameworksBuildPhase section */
		FA37A90329CAD66B00FE3238 /* Frameworks */ = {
			isa = PBXFrameworksBuildPhase;
			buildActionMask = 2147483647;
			files = (
				FA1B8CC72A02637D00B23872 /* Pods_Modo.framework in Frameworks */,
			);
			runOnlyForDeploymentPostprocessing = 0;
		};
		FA37A91329CAD66C00FE3238 /* Frameworks */ = {
			isa = PBXFrameworksBuildPhase;
			buildActionMask = 2147483647;
			files = (
				2A87D142D4F7B8BFDB3FBC82 /* Pods_ModoTests.framework in Frameworks */,
			);
			runOnlyForDeploymentPostprocessing = 0;
		};
		FA37A91D29CAD66C00FE3238 /* Frameworks */ = {
			isa = PBXFrameworksBuildPhase;
			buildActionMask = 2147483647;
			files = (
				C1B2F99FEA2502C6FDE1FE4D /* Pods_Modo_ModoUITests.framework in Frameworks */,
			);
			runOnlyForDeploymentPostprocessing = 0;
		};
/* End PBXFrameworksBuildPhase section */

/* Begin PBXGroup section */
		20FA426AE73745BA5EF5AE81 /* Pods */ = {
			isa = PBXGroup;
			children = (
				B7D2B7D41B045A02F4BB2FD5 /* Pods-Modo.debug.xcconfig */,
				7A5A5E0300E8C749ED5FDB3B /* Pods-Modo.release.xcconfig */,
				5FDA083138A1A75B8945D1B3 /* Pods-Modo-ModoUITests.debug.xcconfig */,
				C66E79924594B635E1B0A1C5 /* Pods-Modo-ModoUITests.release.xcconfig */,
				F8FDD738E1688EFF1B877E95 /* Pods-ModoTests.debug.xcconfig */,
				C3CB4116004017CC11C6FC4D /* Pods-ModoTests.release.xcconfig */,
			);
			path = Pods;
			sourceTree = "<group>";
		};
		66D725A0357F523CF10BD14A /* Frameworks */ = {
			isa = PBXGroup;
			children = (
				FA0A176DE02F9803427F869D /* Pods_Modo.framework */,
				D6AF84F92E67758DCB8A99BD /* Pods_Modo_ModoUITests.framework */,
				09B6A1171E3FD5A23400320E /* Pods_ModoTests.framework */,
			);
			name = Frameworks;
			sourceTree = "<group>";
		};
		FA1B8CBF2A01055E00B23872 /* Secret */ = {
			isa = PBXGroup;
			children = (
				FA1B8CC02A01057900B23872 /* Secret.swift */,
				FA1B8CC22A0108E100B23872 /* Secret.xcconfig */,
				FA1B8CC52A02614B00B23872 /* GoogleService-Info.plist */,
			);
			path = Secret;
			sourceTree = "<group>";
		};
		FA1B8CD92A0FA10B00B23872 /* Status */ = {
			isa = PBXGroup;
			children = (
				FA1B8CDA2A0FA14300B23872 /* StatusView.swift */,
				FA1B8CFB2A19F1B100B23872 /* WriteReviewView.swift */,
			);
			path = Status;
			sourceTree = "<group>";
		};
		FA1B8CDC2A0FA14B00B23872 /* Chat */ = {
			isa = PBXGroup;
			children = (
				FA1B8CDD2A0FA15500B23872 /* ChatView.swift */,
				FA1B8CF12A14B44000B23872 /* ChatDetailView.swift */,
				FA1B8CF32A14C9B000B23872 /* SendTextField.swift */,
			);
			path = Chat;
			sourceTree = "<group>";
		};
		FA1B8CDF2A0FA15B00B23872 /* Like */ = {
			isa = PBXGroup;
			children = (
				FA1B8CE02A0FA17100B23872 /* LikeView.swift */,
			);
			path = Like;
			sourceTree = "<group>";
		};
		FA1B8CE22A0FA17500B23872 /* Profile */ = {
			isa = PBXGroup;
			children = (
				FA1B8CE32A0FA18900B23872 /* ProfileView.swift */,
			);
			path = Profile;
			sourceTree = "<group>";
		};
		FA37A8FD29CAD66B00FE3238 = {
			isa = PBXGroup;
			children = (
				FA37A90829CAD66B00FE3238 /* Modo */,
				FA37A91929CAD66C00FE3238 /* ModoTests */,
				FA37A92329CAD66C00FE3238 /* ModoUITests */,
				FA37A90729CAD66B00FE3238 /* Products */,
				20FA426AE73745BA5EF5AE81 /* Pods */,
				66D725A0357F523CF10BD14A /* Frameworks */,
			);
			sourceTree = "<group>";
		};
		FA37A90729CAD66B00FE3238 /* Products */ = {
			isa = PBXGroup;
			children = (
				FA37A90629CAD66B00FE3238 /* Modo.app */,
				FA37A91629CAD66C00FE3238 /* ModoTests.xctest */,
				FA37A92029CAD66C00FE3238 /* ModoUITests.xctest */,
			);
			name = Products;
			sourceTree = "<group>";
		};
		FA37A90829CAD66B00FE3238 /* Modo */ = {
			isa = PBXGroup;
			children = (
				FA37A96A29CEDEF700FE3238 /* Source */,
				FA37A96329CEDC4E00FE3238 /* Info.plist */,
				FA37A90929CAD66B00FE3238 /* ModoApp.swift */,
				FA37A90B29CAD66B00FE3238 /* ContentView.swift */,
				FA37A94229CED89B00FE3238 /* Configuration */,
				FA37A90D29CAD66C00FE3238 /* Assets.xcassets */,
				FA37A90F29CAD66C00FE3238 /* Preview Content */,
			);
			path = Modo;
			sourceTree = "<group>";
		};
		FA37A90F29CAD66C00FE3238 /* Preview Content */ = {
			isa = PBXGroup;
			children = (
				FA37A91029CAD66C00FE3238 /* Preview Assets.xcassets */,
			);
			path = "Preview Content";
			sourceTree = "<group>";
		};
		FA37A91929CAD66C00FE3238 /* ModoTests */ = {
			isa = PBXGroup;
			children = (
				FA37A91A29CAD66C00FE3238 /* ModoTests.swift */,
			);
			path = ModoTests;
			sourceTree = "<group>";
		};
		FA37A92329CAD66C00FE3238 /* ModoUITests */ = {
			isa = PBXGroup;
			children = (
				FA37A92429CAD66C00FE3238 /* ModoUITests.swift */,
				FA37A92629CAD66C00FE3238 /* ModoUITestsLaunchTests.swift */,
			);
			path = ModoUITests;
			sourceTree = "<group>";
		};
		FA37A93329CED77D00FE3238 /* Model */ = {
			isa = PBXGroup;
			children = (
				FA37A96B29CEE04600FE3238 /* User.swift */,
				FA1B8CEB2A10CB6100B23872 /* Book.swift */,
				FA1B8CF72A15FE1100B23872 /* Message.swift */,
				FA1B8CF92A160C0300B23872 /* Chat.swift */,
			);
			path = Model;
			sourceTree = "<group>";
		};
		FA37A93429CED78600FE3238 /* VIewModel */ = {
			isa = PBXGroup;
			children = (
				FA1B8CED2A10D4CC00B23872 /* BookViewModel.swift */,
				FA1B8CCB2A02685F00B23872 /* LocationManager.swift */,
				FA1B8CF52A15FD4200B23872 /* MessageViewModel.swift */,
				FA1B8D012A1CB91300B23872 /* NaverBookSearchDTO.swift */,
				FA1B8CFD2A1CB8FA00B23872 /* NaverBookSearchRouter.swift */,
				FA1B8CFF2A1CB90700B23872 /* NaverBookSearchViewModel.swift */,
				FA1B8CCF2A091FBD00B23872 /* ReverseGeocodeDTO.swift */,
				FA1B8CD32A0920D100B23872 /* ReverseGeocodeRouter.swift */,
				FA1B8CCD2A091F1E00B23872 /* ReverseGeocodeViewModel.swift */,
				FA37A96E29CEE06300FE3238 /* SignUpViewModel.swift */,
				FAA71C9E2A1F38A500E88446 /* ChatRoomViewModel.swift */,
			);
			path = VIewModel;
			sourceTree = "<group>";
		};
		FA37A93529CED79300FE3238 /* View */ = {
			isa = PBXGroup;
			children = (
				FA37A93629CED79A00FE3238 /* Auth */,
				FA1B8CDC2A0FA14B00B23872 /* Chat */,
				FA37A93729CED7A700FE3238 /* Home */,
				FA1B8CDF2A0FA15B00B23872 /* Like */,
				FA1B8CE22A0FA17500B23872 /* Profile */,
				FA1B8CD92A0FA10B00B23872 /* Status */,
			);
			path = View;
			sourceTree = "<group>";
		};
		FA37A93629CED79A00FE3238 /* Auth */ = {
			isa = PBXGroup;
			children = (
				FA37A93A29CED7CB00FE3238 /* AuthView.swift */,
				FA37A93C29CED7EC00FE3238 /* SignInView.swift */,
				FA37A93E29CED7F400FE3238 /* SignUpDetailView.swift */,
				FA1B8CD72A0F9CF500B23872 /* SignUpView.swift */,
				FA1B8CD52A0B8DEB00B23872 /* SignUpCompleteView.swift */,
				FA1B8CB029FA815900B23872 /* PhoneAuthView.swift */,
				FA1B8CB229FA817B00B23872 /* MapAuthView.swift */,
				FA1B8CC32A010A9200B23872 /* NaverMap.swift */,
			);
			path = Auth;
			sourceTree = "<group>";
		};
		FA37A93729CED7A700FE3238 /* Home */ = {
			isa = PBXGroup;
			children = (
				FA37A93829CED7BD00FE3238 /* HomeView.swift */,
				FA1B8CEF2A12307700B23872 /* BookDetailView.swift */,
				FA1B8CE72A10B1D600B23872 /* HomeNaverMap.swift */,
				FA1B8CE92A10BD0400B23872 /* AddBookView.swift */,
				FAA71C982A1CE15600E88446 /* BookSearchView.swift */,
				FAA71C9C2A1CE1DE00E88446 /* AddBookDetailView.swift */,
			);
			path = Home;
			sourceTree = "<group>";
		};
		FA37A94229CED89B00FE3238 /* Configuration */ = {
			isa = PBXGroup;
			children = (
				FA1B8CBF2A01055E00B23872 /* Secret */,
				FA37A94329CED8AA00FE3238 /* Constants */,
				FA37A94629CED8F200FE3238 /* Extensions */,
				FA37A94F29CED9F000FE3238 /* Fonts */,
				FA37A96729CEDE9F00FE3238 /* Modifires */,
				FA37A96429CEDE4000FE3238 /* PreviewDevice */,
			);
			path = Configuration;
			sourceTree = "<group>";
		};
		FA37A94329CED8AA00FE3238 /* Constants */ = {
			isa = PBXGroup;
			children = (
				FA37A94429CED8D500FE3238 /* Constants.swift */,
			);
			path = Constants;
			sourceTree = "<group>";
		};
		FA37A94629CED8F200FE3238 /* Extensions */ = {
			isa = PBXGroup;
			children = (
				FA37A94D29CED9B700FE3238 /* Ex+Date.swift */,
				FA37A94B29CED97300FE3238 /* Ex+Font.swift */,
				FA37A94729CED92B00FE3238 /* Ex+UIDevice.swift */,
				FA37A94929CED95100FE3238 /* Ex+View.swift */,
			);
			path = Extensions;
			sourceTree = "<group>";
		};
		FA37A94F29CED9F000FE3238 /* Fonts */ = {
			isa = PBXGroup;
			children = (
				FA37A95029CEDA7100FE3238 /* Pretendard */,
			);
			path = Fonts;
			sourceTree = "<group>";
		};
		FA37A95029CEDA7100FE3238 /* Pretendard */ = {
			isa = PBXGroup;
			children = (
				FA37A95129CEDA7100FE3238 /* Pretendard-Regular.otf */,
				FA37A95229CEDA7100FE3238 /* Pretendard-Black.otf */,
				FA37A95329CEDA7100FE3238 /* Pretendard-Medium.otf */,
				FA37A95429CEDA7100FE3238 /* Pretendard-Light.otf */,
				FA37A95529CEDA7100FE3238 /* Pretendard-ExtraBold.otf */,
				FA37A95629CEDA7100FE3238 /* Pretendard-Bold.otf */,
				FA37A95729CEDA7100FE3238 /* Pretendard-Thin.otf */,
				FA37A95829CEDA7100FE3238 /* Pretendard-ExtraLight.otf */,
				FA37A95929CEDA7100FE3238 /* Pretendard-SemiBold.otf */,
			);
			path = Pretendard;
			sourceTree = "<group>";
		};
		FA37A96429CEDE4000FE3238 /* PreviewDevice */ = {
			isa = PBXGroup;
			children = (
				FA37A96529CEDE5200FE3238 /* PreviewDevice.swift */,
			);
			path = PreviewDevice;
			sourceTree = "<group>";
		};
		FA37A96729CEDE9F00FE3238 /* Modifires */ = {
			isa = PBXGroup;
			children = (
				FA37A96829CEDEBA00FE3238 /* BtnModifier.swift */,
			);
			path = Modifires;
			sourceTree = "<group>";
		};
		FA37A96A29CEDEF700FE3238 /* Source */ = {
			isa = PBXGroup;
			children = (
				FA37A93329CED77D00FE3238 /* Model */,
				FA37A93529CED79300FE3238 /* View */,
				FA37A93429CED78600FE3238 /* VIewModel */,
				FA37A97029CEE07500FE3238 /* Service */,
			);
			path = Source;
			sourceTree = "<group>";
		};
		FA37A97029CEE07500FE3238 /* Service */ = {
			isa = PBXGroup;
			children = (
				FA1B8CD12A0920C500B23872 /* ReverseGeocodeService.swift */,
				FA1B8D032A1CBD3800B23872 /* NaverBookSearchService.swift */,
			);
			path = Service;
			sourceTree = "<group>";
		};
/* End PBXGroup section */

/* Begin PBXNativeTarget section */
		FA37A90529CAD66B00FE3238 /* Modo */ = {
			isa = PBXNativeTarget;
			buildConfigurationList = FA37A92A29CAD66C00FE3238 /* Build configuration list for PBXNativeTarget "Modo" */;
			buildPhases = (
				E915B4D1B0DC9FE53D2AAB91 /* [CP] Check Pods Manifest.lock */,
				FA37A90229CAD66B00FE3238 /* Sources */,
				FA37A90329CAD66B00FE3238 /* Frameworks */,
				FA37A90429CAD66B00FE3238 /* Resources */,
				1E7C997B7103796E1E9785D5 /* [CP] Embed Pods Frameworks */,
			);
			buildRules = (
			);
			dependencies = (
			);
			name = Modo;
			productName = Modo;
			productReference = FA37A90629CAD66B00FE3238 /* Modo.app */;
			productType = "com.apple.product-type.application";
		};
		FA37A91529CAD66C00FE3238 /* ModoTests */ = {
			isa = PBXNativeTarget;
			buildConfigurationList = FA37A92D29CAD66C00FE3238 /* Build configuration list for PBXNativeTarget "ModoTests" */;
			buildPhases = (
				3F7F94601D5F04EDB21CBE01 /* [CP] Check Pods Manifest.lock */,
				FA37A91229CAD66C00FE3238 /* Sources */,
				FA37A91329CAD66C00FE3238 /* Frameworks */,
				FA37A91429CAD66C00FE3238 /* Resources */,
			);
			buildRules = (
			);
			dependencies = (
				FA37A91829CAD66C00FE3238 /* PBXTargetDependency */,
			);
			name = ModoTests;
			productName = ModoTests;
			productReference = FA37A91629CAD66C00FE3238 /* ModoTests.xctest */;
			productType = "com.apple.product-type.bundle.unit-test";
		};
		FA37A91F29CAD66C00FE3238 /* ModoUITests */ = {
			isa = PBXNativeTarget;
			buildConfigurationList = FA37A93029CAD66C00FE3238 /* Build configuration list for PBXNativeTarget "ModoUITests" */;
			buildPhases = (
				74FCF0E2CC08B4683AA24B8B /* [CP] Check Pods Manifest.lock */,
				FA37A91C29CAD66C00FE3238 /* Sources */,
				FA37A91D29CAD66C00FE3238 /* Frameworks */,
				FA37A91E29CAD66C00FE3238 /* Resources */,
				4F1BE33A396044171DB86EAC /* [CP] Embed Pods Frameworks */,
			);
			buildRules = (
			);
			dependencies = (
				FA37A92229CAD66C00FE3238 /* PBXTargetDependency */,
			);
			name = ModoUITests;
			productName = ModoUITests;
			productReference = FA37A92029CAD66C00FE3238 /* ModoUITests.xctest */;
			productType = "com.apple.product-type.bundle.ui-testing";
		};
/* End PBXNativeTarget section */

/* Begin PBXProject section */
		FA37A8FE29CAD66B00FE3238 /* Project object */ = {
			isa = PBXProject;
			attributes = {
				BuildIndependentTargetsInParallel = 1;
				LastSwiftUpdateCheck = 1410;
				LastUpgradeCheck = 1410;
				TargetAttributes = {
					FA37A90529CAD66B00FE3238 = {
						CreatedOnToolsVersion = 14.1;
					};
					FA37A91529CAD66C00FE3238 = {
						CreatedOnToolsVersion = 14.1;
						TestTargetID = FA37A90529CAD66B00FE3238;
					};
					FA37A91F29CAD66C00FE3238 = {
						CreatedOnToolsVersion = 14.1;
						TestTargetID = FA37A90529CAD66B00FE3238;
					};
				};
			};
			buildConfigurationList = FA37A90129CAD66B00FE3238 /* Build configuration list for PBXProject "Modo" */;
			compatibilityVersion = "Xcode 14.0";
			developmentRegion = en;
			hasScannedForEncodings = 0;
			knownRegions = (
				en,
				Base,
			);
			mainGroup = FA37A8FD29CAD66B00FE3238;
			productRefGroup = FA37A90729CAD66B00FE3238 /* Products */;
			projectDirPath = "";
			projectRoot = "";
			targets = (
				FA37A90529CAD66B00FE3238 /* Modo */,
				FA37A91529CAD66C00FE3238 /* ModoTests */,
				FA37A91F29CAD66C00FE3238 /* ModoUITests */,
			);
		};
/* End PBXProject section */

/* Begin PBXResourcesBuildPhase section */
		FA37A90429CAD66B00FE3238 /* Resources */ = {
			isa = PBXResourcesBuildPhase;
			buildActionMask = 2147483647;
			files = (
				FA37A96229CEDA7100FE3238 /* Pretendard-SemiBold.otf in Resources */,
				FA1B8CC62A02614B00B23872 /* GoogleService-Info.plist in Resources */,
				FA37A91129CAD66C00FE3238 /* Preview Assets.xcassets in Resources */,
				FA1B8CCA2A0263B300B23872 /* Secret.xcconfig in Resources */,
				FA37A95F29CEDA7100FE3238 /* Pretendard-Bold.otf in Resources */,
				FA37A96129CEDA7100FE3238 /* Pretendard-ExtraLight.otf in Resources */,
				FA37A95C29CEDA7100FE3238 /* Pretendard-Medium.otf in Resources */,
				FA37A96029CEDA7100FE3238 /* Pretendard-Thin.otf in Resources */,
				FA37A95E29CEDA7100FE3238 /* Pretendard-ExtraBold.otf in Resources */,
				FA37A95A29CEDA7100FE3238 /* Pretendard-Regular.otf in Resources */,
				FA37A95B29CEDA7100FE3238 /* Pretendard-Black.otf in Resources */,
				FA37A90E29CAD66C00FE3238 /* Assets.xcassets in Resources */,
				FA37A95D29CEDA7100FE3238 /* Pretendard-Light.otf in Resources */,
			);
			runOnlyForDeploymentPostprocessing = 0;
		};
		FA37A91429CAD66C00FE3238 /* Resources */ = {
			isa = PBXResourcesBuildPhase;
			buildActionMask = 2147483647;
			files = (
			);
			runOnlyForDeploymentPostprocessing = 0;
		};
		FA37A91E29CAD66C00FE3238 /* Resources */ = {
			isa = PBXResourcesBuildPhase;
			buildActionMask = 2147483647;
			files = (
			);
			runOnlyForDeploymentPostprocessing = 0;
		};
/* End PBXResourcesBuildPhase section */

/* Begin PBXShellScriptBuildPhase section */
		1E7C997B7103796E1E9785D5 /* [CP] Embed Pods Frameworks */ = {
			isa = PBXShellScriptBuildPhase;
			buildActionMask = 2147483647;
			files = (
			);
			inputFileListPaths = (
				"${PODS_ROOT}/Target Support Files/Pods-Modo/Pods-Modo-frameworks-${CONFIGURATION}-input-files.xcfilelist",
			);
			name = "[CP] Embed Pods Frameworks";
			outputFileListPaths = (
				"${PODS_ROOT}/Target Support Files/Pods-Modo/Pods-Modo-frameworks-${CONFIGURATION}-output-files.xcfilelist",
			);
			runOnlyForDeploymentPostprocessing = 0;
			shellPath = /bin/sh;
			shellScript = "\"${PODS_ROOT}/Target Support Files/Pods-Modo/Pods-Modo-frameworks.sh\"\n";
			showEnvVarsInLog = 0;
		};
		3F7F94601D5F04EDB21CBE01 /* [CP] Check Pods Manifest.lock */ = {
			isa = PBXShellScriptBuildPhase;
			buildActionMask = 2147483647;
			files = (
			);
			inputFileListPaths = (
			);
			inputPaths = (
				"${PODS_PODFILE_DIR_PATH}/Podfile.lock",
				"${PODS_ROOT}/Manifest.lock",
			);
			name = "[CP] Check Pods Manifest.lock";
			outputFileListPaths = (
			);
			outputPaths = (
				"$(DERIVED_FILE_DIR)/Pods-ModoTests-checkManifestLockResult.txt",
			);
			runOnlyForDeploymentPostprocessing = 0;
			shellPath = /bin/sh;
			shellScript = "diff \"${PODS_PODFILE_DIR_PATH}/Podfile.lock\" \"${PODS_ROOT}/Manifest.lock\" > /dev/null\nif [ $? != 0 ] ; then\n    # print error to STDERR\n    echo \"error: The sandbox is not in sync with the Podfile.lock. Run 'pod install' or update your CocoaPods installation.\" >&2\n    exit 1\nfi\n# This output is used by Xcode 'outputs' to avoid re-running this script phase.\necho \"SUCCESS\" > \"${SCRIPT_OUTPUT_FILE_0}\"\n";
			showEnvVarsInLog = 0;
		};
		4F1BE33A396044171DB86EAC /* [CP] Embed Pods Frameworks */ = {
			isa = PBXShellScriptBuildPhase;
			buildActionMask = 2147483647;
			files = (
			);
			inputFileListPaths = (
				"${PODS_ROOT}/Target Support Files/Pods-Modo-ModoUITests/Pods-Modo-ModoUITests-frameworks-${CONFIGURATION}-input-files.xcfilelist",
			);
			name = "[CP] Embed Pods Frameworks";
			outputFileListPaths = (
				"${PODS_ROOT}/Target Support Files/Pods-Modo-ModoUITests/Pods-Modo-ModoUITests-frameworks-${CONFIGURATION}-output-files.xcfilelist",
			);
			runOnlyForDeploymentPostprocessing = 0;
			shellPath = /bin/sh;
			shellScript = "\"${PODS_ROOT}/Target Support Files/Pods-Modo-ModoUITests/Pods-Modo-ModoUITests-frameworks.sh\"\n";
			showEnvVarsInLog = 0;
		};
		74FCF0E2CC08B4683AA24B8B /* [CP] Check Pods Manifest.lock */ = {
			isa = PBXShellScriptBuildPhase;
			buildActionMask = 2147483647;
			files = (
			);
			inputFileListPaths = (
			);
			inputPaths = (
				"${PODS_PODFILE_DIR_PATH}/Podfile.lock",
				"${PODS_ROOT}/Manifest.lock",
			);
			name = "[CP] Check Pods Manifest.lock";
			outputFileListPaths = (
			);
			outputPaths = (
				"$(DERIVED_FILE_DIR)/Pods-Modo-ModoUITests-checkManifestLockResult.txt",
			);
			runOnlyForDeploymentPostprocessing = 0;
			shellPath = /bin/sh;
			shellScript = "diff \"${PODS_PODFILE_DIR_PATH}/Podfile.lock\" \"${PODS_ROOT}/Manifest.lock\" > /dev/null\nif [ $? != 0 ] ; then\n    # print error to STDERR\n    echo \"error: The sandbox is not in sync with the Podfile.lock. Run 'pod install' or update your CocoaPods installation.\" >&2\n    exit 1\nfi\n# This output is used by Xcode 'outputs' to avoid re-running this script phase.\necho \"SUCCESS\" > \"${SCRIPT_OUTPUT_FILE_0}\"\n";
			showEnvVarsInLog = 0;
		};
		E915B4D1B0DC9FE53D2AAB91 /* [CP] Check Pods Manifest.lock */ = {
			isa = PBXShellScriptBuildPhase;
			buildActionMask = 2147483647;
			files = (
			);
			inputFileListPaths = (
			);
			inputPaths = (
				"${PODS_PODFILE_DIR_PATH}/Podfile.lock",
				"${PODS_ROOT}/Manifest.lock",
			);
			name = "[CP] Check Pods Manifest.lock";
			outputFileListPaths = (
			);
			outputPaths = (
				"$(DERIVED_FILE_DIR)/Pods-Modo-checkManifestLockResult.txt",
			);
			runOnlyForDeploymentPostprocessing = 0;
			shellPath = /bin/sh;
			shellScript = "diff \"${PODS_PODFILE_DIR_PATH}/Podfile.lock\" \"${PODS_ROOT}/Manifest.lock\" > /dev/null\nif [ $? != 0 ] ; then\n    # print error to STDERR\n    echo \"error: The sandbox is not in sync with the Podfile.lock. Run 'pod install' or update your CocoaPods installation.\" >&2\n    exit 1\nfi\n# This output is used by Xcode 'outputs' to avoid re-running this script phase.\necho \"SUCCESS\" > \"${SCRIPT_OUTPUT_FILE_0}\"\n";
			showEnvVarsInLog = 0;
		};
/* End PBXShellScriptBuildPhase section */

/* Begin PBXSourcesBuildPhase section */
		FA37A90229CAD66B00FE3238 /* Sources */ = {
			isa = PBXSourcesBuildPhase;
			buildActionMask = 2147483647;
			files = (
				FA37A93929CED7BD00FE3238 /* HomeView.swift in Sources */,
				FA1B8CDE2A0FA15500B23872 /* ChatView.swift in Sources */,
				FA1B8CD42A0920D100B23872 /* ReverseGeocodeRouter.swift in Sources */,
				FAA71C992A1CE15600E88446 /* BookSearchView.swift in Sources */,
				FA37A90C29CAD66B00FE3238 /* ContentView.swift in Sources */,
				FA1B8CF02A12307700B23872 /* BookDetailView.swift in Sources */,
				FA37A93B29CED7CB00FE3238 /* AuthView.swift in Sources */,
				FA1B8CB329FA817B00B23872 /* MapAuthView.swift in Sources */,
				FA37A96929CEDEBA00FE3238 /* BtnModifier.swift in Sources */,
				FA1B8CFA2A160C0300B23872 /* Chat.swift in Sources */,
				FA1B8CEA2A10BD0400B23872 /* AddBookView.swift in Sources */,
				FA37A90A29CAD66B00FE3238 /* ModoApp.swift in Sources */,
				FA1B8CF62A15FD4200B23872 /* MessageViewModel.swift in Sources */,
				FA1B8CB129FA815900B23872 /* PhoneAuthView.swift in Sources */,
				FA37A96629CEDE5200FE3238 /* PreviewDevice.swift in Sources */,
				FA37A96F29CEE06300FE3238 /* SignUpViewModel.swift in Sources */,
				FA1B8CC12A01057900B23872 /* Secret.swift in Sources */,
				FA1B8CCE2A091F1E00B23872 /* ReverseGeocodeViewModel.swift in Sources */,
				FA1B8CD02A091FBD00B23872 /* ReverseGeocodeDTO.swift in Sources */,
				FA1B8D002A1CB90700B23872 /* NaverBookSearchViewModel.swift in Sources */,
				FA1B8CEE2A10D4CC00B23872 /* BookViewModel.swift in Sources */,
				FA1B8CF42A14C9B000B23872 /* SendTextField.swift in Sources */,
				FA37A94C29CED97300FE3238 /* Ex+Font.swift in Sources */,
				FA1B8CC42A010A9200B23872 /* NaverMap.swift in Sources */,
				FA1B8CEC2A10CB6100B23872 /* Book.swift in Sources */,
				FA37A96C29CEE04600FE3238 /* User.swift in Sources */,
				FA1B8D022A1CB91300B23872 /* NaverBookSearchDTO.swift in Sources */,
				FA1B8CFC2A19F1B100B23872 /* WriteReviewView.swift in Sources */,
				FA1B8CD82A0F9CF500B23872 /* SignUpView.swift in Sources */,
				FA1B8CE82A10B1D600B23872 /* HomeNaverMap.swift in Sources */,
				FA1B8CE42A0FA18900B23872 /* ProfileView.swift in Sources */,
				FA37A94829CED92B00FE3238 /* Ex+UIDevice.swift in Sources */,
				FA1B8CDB2A0FA14300B23872 /* StatusView.swift in Sources */,
				FA1B8CD62A0B8DEB00B23872 /* SignUpCompleteView.swift in Sources */,
				FAA71C9D2A1CE1DE00E88446 /* AddBookDetailView.swift in Sources */,
				FA1B8D042A1CBD3800B23872 /* NaverBookSearchService.swift in Sources */,
				FA1B8CD22A0920C500B23872 /* ReverseGeocodeService.swift in Sources */,
				FA37A93F29CED7F400FE3238 /* SignUpDetailView.swift in Sources */,
				FA37A94A29CED95100FE3238 /* Ex+View.swift in Sources */,
				FA1B8CCC2A02685F00B23872 /* LocationManager.swift in Sources */,
				FA1B8CFE2A1CB8FA00B23872 /* NaverBookSearchRouter.swift in Sources */,
				FA37A93D29CED7EC00FE3238 /* SignInView.swift in Sources */,
				FA1B8CE12A0FA17100B23872 /* LikeView.swift in Sources */,
				FAA71C9F2A1F38A500E88446 /* ChatRoomViewModel.swift in Sources */,
				FA1B8CF22A14B44000B23872 /* ChatDetailView.swift in Sources */,
				FA1B8CF82A15FE1100B23872 /* Message.swift in Sources */,
				FA37A94E29CED9B700FE3238 /* Ex+Date.swift in Sources */,
				FA37A94529CED8D500FE3238 /* Constants.swift in Sources */,
			);
			runOnlyForDeploymentPostprocessing = 0;
		};
		FA37A91229CAD66C00FE3238 /* Sources */ = {
			isa = PBXSourcesBuildPhase;
			buildActionMask = 2147483647;
			files = (
				FA37A91B29CAD66C00FE3238 /* ModoTests.swift in Sources */,
			);
			runOnlyForDeploymentPostprocessing = 0;
		};
		FA37A91C29CAD66C00FE3238 /* Sources */ = {
			isa = PBXSourcesBuildPhase;
			buildActionMask = 2147483647;
			files = (
				FA37A92529CAD66C00FE3238 /* ModoUITests.swift in Sources */,
				FA37A92729CAD66C00FE3238 /* ModoUITestsLaunchTests.swift in Sources */,
			);
			runOnlyForDeploymentPostprocessing = 0;
		};
/* End PBXSourcesBuildPhase section */

/* Begin PBXTargetDependency section */
		FA37A91829CAD66C00FE3238 /* PBXTargetDependency */ = {
			isa = PBXTargetDependency;
			target = FA37A90529CAD66B00FE3238 /* Modo */;
			targetProxy = FA37A91729CAD66C00FE3238 /* PBXContainerItemProxy */;
		};
		FA37A92229CAD66C00FE3238 /* PBXTargetDependency */ = {
			isa = PBXTargetDependency;
			target = FA37A90529CAD66B00FE3238 /* Modo */;
			targetProxy = FA37A92129CAD66C00FE3238 /* PBXContainerItemProxy */;
		};
/* End PBXTargetDependency section */

/* Begin XCBuildConfiguration section */
		FA37A92829CAD66C00FE3238 /* Debug */ = {
			isa = XCBuildConfiguration;
			baseConfigurationReference = B7D2B7D41B045A02F4BB2FD5 /* Pods-Modo.debug.xcconfig */;
			buildSettings = {
				ALWAYS_SEARCH_USER_PATHS = NO;
				CLANG_ANALYZER_NONNULL = YES;
				CLANG_ANALYZER_NUMBER_OBJECT_CONVERSION = YES_AGGRESSIVE;
				CLANG_CXX_LANGUAGE_STANDARD = "gnu++20";
				CLANG_ENABLE_MODULES = YES;
				CLANG_ENABLE_OBJC_ARC = YES;
				CLANG_ENABLE_OBJC_WEAK = YES;
				CLANG_WARN_BLOCK_CAPTURE_AUTORELEASING = YES;
				CLANG_WARN_BOOL_CONVERSION = YES;
				CLANG_WARN_COMMA = YES;
				CLANG_WARN_CONSTANT_CONVERSION = YES;
				CLANG_WARN_DEPRECATED_OBJC_IMPLEMENTATIONS = YES;
				CLANG_WARN_DIRECT_OBJC_ISA_USAGE = YES_ERROR;
				CLANG_WARN_DOCUMENTATION_COMMENTS = YES;
				CLANG_WARN_EMPTY_BODY = YES;
				CLANG_WARN_ENUM_CONVERSION = YES;
				CLANG_WARN_INFINITE_RECURSION = YES;
				CLANG_WARN_INT_CONVERSION = YES;
				CLANG_WARN_NON_LITERAL_NULL_CONVERSION = YES;
				CLANG_WARN_OBJC_IMPLICIT_RETAIN_SELF = YES;
				CLANG_WARN_OBJC_LITERAL_CONVERSION = YES;
				CLANG_WARN_OBJC_ROOT_CLASS = YES_ERROR;
				CLANG_WARN_QUOTED_INCLUDE_IN_FRAMEWORK_HEADER = YES;
				CLANG_WARN_RANGE_LOOP_ANALYSIS = YES;
				CLANG_WARN_STRICT_PROTOTYPES = YES;
				CLANG_WARN_SUSPICIOUS_MOVE = YES;
				CLANG_WARN_UNGUARDED_AVAILABILITY = YES_AGGRESSIVE;
				CLANG_WARN_UNREACHABLE_CODE = YES;
				CLANG_WARN__DUPLICATE_METHOD_MATCH = YES;
				COPY_PHASE_STRIP = NO;
				DEBUG_INFORMATION_FORMAT = dwarf;
				ENABLE_STRICT_OBJC_MSGSEND = YES;
				ENABLE_TESTABILITY = YES;
				GCC_C_LANGUAGE_STANDARD = gnu11;
				GCC_DYNAMIC_NO_PIC = NO;
				GCC_NO_COMMON_BLOCKS = YES;
				GCC_OPTIMIZATION_LEVEL = 0;
				GCC_PREPROCESSOR_DEFINITIONS = (
					"DEBUG=1",
					"$(inherited)",
				);
				GCC_WARN_64_TO_32_BIT_CONVERSION = YES;
				GCC_WARN_ABOUT_RETURN_TYPE = YES_ERROR;
				GCC_WARN_UNDECLARED_SELECTOR = YES;
				GCC_WARN_UNINITIALIZED_AUTOS = YES_AGGRESSIVE;
				GCC_WARN_UNUSED_FUNCTION = YES;
				GCC_WARN_UNUSED_VARIABLE = YES;
				IPHONEOS_DEPLOYMENT_TARGET = 16.0;
				MTL_ENABLE_DEBUG_INFO = INCLUDE_SOURCE;
				MTL_FAST_MATH = YES;
				ONLY_ACTIVE_ARCH = YES;
				SDKROOT = iphoneos;
				SWIFT_ACTIVE_COMPILATION_CONDITIONS = DEBUG;
				SWIFT_OPTIMIZATION_LEVEL = "-Onone";
			};
			name = Debug;
		};
		FA37A92929CAD66C00FE3238 /* Release */ = {
			isa = XCBuildConfiguration;
			baseConfigurationReference = 7A5A5E0300E8C749ED5FDB3B /* Pods-Modo.release.xcconfig */;
			buildSettings = {
				ALWAYS_SEARCH_USER_PATHS = NO;
				CLANG_ANALYZER_NONNULL = YES;
				CLANG_ANALYZER_NUMBER_OBJECT_CONVERSION = YES_AGGRESSIVE;
				CLANG_CXX_LANGUAGE_STANDARD = "gnu++20";
				CLANG_ENABLE_MODULES = YES;
				CLANG_ENABLE_OBJC_ARC = YES;
				CLANG_ENABLE_OBJC_WEAK = YES;
				CLANG_WARN_BLOCK_CAPTURE_AUTORELEASING = YES;
				CLANG_WARN_BOOL_CONVERSION = YES;
				CLANG_WARN_COMMA = YES;
				CLANG_WARN_CONSTANT_CONVERSION = YES;
				CLANG_WARN_DEPRECATED_OBJC_IMPLEMENTATIONS = YES;
				CLANG_WARN_DIRECT_OBJC_ISA_USAGE = YES_ERROR;
				CLANG_WARN_DOCUMENTATION_COMMENTS = YES;
				CLANG_WARN_EMPTY_BODY = YES;
				CLANG_WARN_ENUM_CONVERSION = YES;
				CLANG_WARN_INFINITE_RECURSION = YES;
				CLANG_WARN_INT_CONVERSION = YES;
				CLANG_WARN_NON_LITERAL_NULL_CONVERSION = YES;
				CLANG_WARN_OBJC_IMPLICIT_RETAIN_SELF = YES;
				CLANG_WARN_OBJC_LITERAL_CONVERSION = YES;
				CLANG_WARN_OBJC_ROOT_CLASS = YES_ERROR;
				CLANG_WARN_QUOTED_INCLUDE_IN_FRAMEWORK_HEADER = YES;
				CLANG_WARN_RANGE_LOOP_ANALYSIS = YES;
				CLANG_WARN_STRICT_PROTOTYPES = YES;
				CLANG_WARN_SUSPICIOUS_MOVE = YES;
				CLANG_WARN_UNGUARDED_AVAILABILITY = YES_AGGRESSIVE;
				CLANG_WARN_UNREACHABLE_CODE = YES;
				CLANG_WARN__DUPLICATE_METHOD_MATCH = YES;
				COPY_PHASE_STRIP = NO;
				DEBUG_INFORMATION_FORMAT = "dwarf-with-dsym";
				ENABLE_NS_ASSERTIONS = NO;
				ENABLE_STRICT_OBJC_MSGSEND = YES;
				ENABLE_TESTABILITY = YES;
				GCC_C_LANGUAGE_STANDARD = gnu11;
				GCC_NO_COMMON_BLOCKS = YES;
				GCC_WARN_64_TO_32_BIT_CONVERSION = YES;
				GCC_WARN_ABOUT_RETURN_TYPE = YES_ERROR;
				GCC_WARN_UNDECLARED_SELECTOR = YES;
				GCC_WARN_UNINITIALIZED_AUTOS = YES_AGGRESSIVE;
				GCC_WARN_UNUSED_FUNCTION = YES;
				GCC_WARN_UNUSED_VARIABLE = YES;
				IPHONEOS_DEPLOYMENT_TARGET = 16.0;
				MTL_ENABLE_DEBUG_INFO = NO;
				MTL_FAST_MATH = YES;
				ONLY_ACTIVE_ARCH = YES;
				SDKROOT = iphoneos;
				SWIFT_COMPILATION_MODE = wholemodule;
				SWIFT_OPTIMIZATION_LEVEL = "-O";
				VALIDATE_PRODUCT = YES;
			};
			name = Release;
		};
		FA37A92B29CAD66C00FE3238 /* Debug */ = {
			isa = XCBuildConfiguration;
			baseConfigurationReference = FA1B8CC22A0108E100B23872 /* Secret.xcconfig */;
			buildSettings = {
				ASSETCATALOG_COMPILER_APPICON_NAME = AppIcon;
				ASSETCATALOG_COMPILER_GLOBAL_ACCENT_COLOR_NAME = AccentColor;
				CODE_SIGN_STYLE = Automatic;
				CURRENT_PROJECT_VERSION = 1;
				DEVELOPMENT_ASSET_PATHS = "\"Modo/Preview Content\"";
				DEVELOPMENT_TEAM = JWN5K8TJ87;
				ENABLE_PREVIEWS = YES;
				GENERATE_INFOPLIST_FILE = YES;
				INFOPLIST_FILE = Modo/Info.plist;
				INFOPLIST_KEY_UIApplicationSceneManifest_Generation = YES;
				INFOPLIST_KEY_UIApplicationSupportsIndirectInputEvents = YES;
				INFOPLIST_KEY_UILaunchScreen_Generation = YES;
				INFOPLIST_KEY_UISupportedInterfaceOrientations = UIInterfaceOrientationPortrait;
				INFOPLIST_KEY_UISupportedInterfaceOrientations_iPad = "UIInterfaceOrientationLandscapeLeft UIInterfaceOrientationLandscapeRight UIInterfaceOrientationPortrait UIInterfaceOrientationPortraitUpsideDown";
				IPHONEOS_DEPLOYMENT_TARGET = 16.0;
				LD_RUNPATH_SEARCH_PATHS = (
					"$(inherited)",
					"@executable_path/Frameworks",
				);
				MARKETING_VERSION = 1.0.0;
				PRODUCT_BUNDLE_IDENTIFIER = com.heodoo.Modo;
				PRODUCT_NAME = "$(TARGET_NAME)";
				SUPPORTED_PLATFORMS = "iphoneos iphonesimulator";
				SUPPORTS_MACCATALYST = NO;
				SUPPORTS_MAC_DESIGNED_FOR_IPHONE_IPAD = NO;
				SWIFT_EMIT_LOC_STRINGS = YES;
				SWIFT_VERSION = 5.0;
				TARGETED_DEVICE_FAMILY = 1;
			};
			name = Debug;
		};
		FA37A92C29CAD66C00FE3238 /* Release */ = {
			isa = XCBuildConfiguration;
			baseConfigurationReference = FA1B8CC22A0108E100B23872 /* Secret.xcconfig */;
			buildSettings = {
				ASSETCATALOG_COMPILER_APPICON_NAME = AppIcon;
				ASSETCATALOG_COMPILER_GLOBAL_ACCENT_COLOR_NAME = AccentColor;
				CODE_SIGN_STYLE = Automatic;
				CURRENT_PROJECT_VERSION = 1;
				DEVELOPMENT_ASSET_PATHS = "\"Modo/Preview Content\"";
				DEVELOPMENT_TEAM = JWN5K8TJ87;
				ENABLE_PREVIEWS = YES;
				ENABLE_TESTABILITY = YES;
				GENERATE_INFOPLIST_FILE = YES;
				INFOPLIST_FILE = Modo/Info.plist;
				INFOPLIST_KEY_UIApplicationSceneManifest_Generation = YES;
				INFOPLIST_KEY_UIApplicationSupportsIndirectInputEvents = YES;
				INFOPLIST_KEY_UILaunchScreen_Generation = YES;
				INFOPLIST_KEY_UISupportedInterfaceOrientations = UIInterfaceOrientationPortrait;
				INFOPLIST_KEY_UISupportedInterfaceOrientations_iPad = "UIInterfaceOrientationLandscapeLeft UIInterfaceOrientationLandscapeRight UIInterfaceOrientationPortrait UIInterfaceOrientationPortraitUpsideDown";
				IPHONEOS_DEPLOYMENT_TARGET = 16.0;
				LD_RUNPATH_SEARCH_PATHS = (
					"$(inherited)",
					"@executable_path/Frameworks",
				);
				MARKETING_VERSION = 1.0.0;
				PRODUCT_BUNDLE_IDENTIFIER = com.heodoo.Modo;
				PRODUCT_NAME = "$(TARGET_NAME)";
				SUPPORTED_PLATFORMS = "iphoneos iphonesimulator";
				SUPPORTS_MACCATALYST = NO;
				SUPPORTS_MAC_DESIGNED_FOR_IPHONE_IPAD = NO;
				SWIFT_EMIT_LOC_STRINGS = YES;
				SWIFT_OPTIMIZATION_LEVEL = "-Onone";
				SWIFT_VERSION = 5.0;
				TARGETED_DEVICE_FAMILY = 1;
			};
			name = Release;
		};
		FA37A92E29CAD66C00FE3238 /* Debug */ = {
			isa = XCBuildConfiguration;
			baseConfigurationReference = F8FDD738E1688EFF1B877E95 /* Pods-ModoTests.debug.xcconfig */;
			buildSettings = {
				ALWAYS_EMBED_SWIFT_STANDARD_LIBRARIES = YES;
				BUNDLE_LOADER = "$(TEST_HOST)";
				CODE_SIGN_STYLE = Automatic;
				CURRENT_PROJECT_VERSION = 1;
				GENERATE_INFOPLIST_FILE = YES;
				IPHONEOS_DEPLOYMENT_TARGET = 16.1;
				MARKETING_VERSION = 1.0;
				PRODUCT_BUNDLE_IDENTIFIER = com.heodoo.ModoTests;
				PRODUCT_NAME = "$(TARGET_NAME)";
				SUPPORTED_PLATFORMS = "iphoneos iphonesimulator";
				SUPPORTS_MACCATALYST = NO;
				SUPPORTS_MAC_DESIGNED_FOR_IPHONE_IPAD = NO;
				SWIFT_EMIT_LOC_STRINGS = NO;
				SWIFT_VERSION = 5.0;
				TARGETED_DEVICE_FAMILY = 1;
				TEST_HOST = "$(BUILT_PRODUCTS_DIR)/Modo.app/$(BUNDLE_EXECUTABLE_FOLDER_PATH)/Modo";
			};
			name = Debug;
		};
		FA37A92F29CAD66C00FE3238 /* Release */ = {
			isa = XCBuildConfiguration;
			baseConfigurationReference = C3CB4116004017CC11C6FC4D /* Pods-ModoTests.release.xcconfig */;
			buildSettings = {
				ALWAYS_EMBED_SWIFT_STANDARD_LIBRARIES = YES;
				BUNDLE_LOADER = "$(TEST_HOST)";
				CODE_SIGN_STYLE = Automatic;
				CURRENT_PROJECT_VERSION = 1;
				GENERATE_INFOPLIST_FILE = YES;
				IPHONEOS_DEPLOYMENT_TARGET = 16.1;
				MARKETING_VERSION = 1.0;
				PRODUCT_BUNDLE_IDENTIFIER = com.heodoo.ModoTests;
				PRODUCT_NAME = "$(TARGET_NAME)";
				SUPPORTED_PLATFORMS = "iphoneos iphonesimulator";
				SUPPORTS_MACCATALYST = NO;
				SUPPORTS_MAC_DESIGNED_FOR_IPHONE_IPAD = NO;
				SWIFT_EMIT_LOC_STRINGS = NO;
				SWIFT_VERSION = 5.0;
				TARGETED_DEVICE_FAMILY = 1;
				TEST_HOST = "$(BUILT_PRODUCTS_DIR)/Modo.app/$(BUNDLE_EXECUTABLE_FOLDER_PATH)/Modo";
			};
			name = Release;
		};
		FA37A93129CAD66C00FE3238 /* Debug */ = {
			isa = XCBuildConfiguration;
			baseConfigurationReference = 5FDA083138A1A75B8945D1B3 /* Pods-Modo-ModoUITests.debug.xcconfig */;
			buildSettings = {
				ALWAYS_EMBED_SWIFT_STANDARD_LIBRARIES = YES;
				CODE_SIGN_STYLE = Automatic;
				CURRENT_PROJECT_VERSION = 1;
				GENERATE_INFOPLIST_FILE = YES;
				MARKETING_VERSION = 1.0;
				PRODUCT_BUNDLE_IDENTIFIER = com.heodoo.ModoUITests;
				PRODUCT_NAME = "$(TARGET_NAME)";
				SUPPORTED_PLATFORMS = "iphoneos iphonesimulator";
				SUPPORTS_MACCATALYST = NO;
				SUPPORTS_MAC_DESIGNED_FOR_IPHONE_IPAD = NO;
				SWIFT_EMIT_LOC_STRINGS = NO;
				SWIFT_VERSION = 5.0;
				TARGETED_DEVICE_FAMILY = 1;
				TEST_TARGET_NAME = Modo;
			};
			name = Debug;
		};
		FA37A93229CAD66C00FE3238 /* Release */ = {
			isa = XCBuildConfiguration;
			baseConfigurationReference = C66E79924594B635E1B0A1C5 /* Pods-Modo-ModoUITests.release.xcconfig */;
			buildSettings = {
				ALWAYS_EMBED_SWIFT_STANDARD_LIBRARIES = YES;
				CODE_SIGN_STYLE = Automatic;
				CURRENT_PROJECT_VERSION = 1;
				GENERATE_INFOPLIST_FILE = YES;
				MARKETING_VERSION = 1.0;
				PRODUCT_BUNDLE_IDENTIFIER = com.heodoo.ModoUITests;
				PRODUCT_NAME = "$(TARGET_NAME)";
				SUPPORTED_PLATFORMS = "iphoneos iphonesimulator";
				SUPPORTS_MACCATALYST = NO;
				SUPPORTS_MAC_DESIGNED_FOR_IPHONE_IPAD = NO;
				SWIFT_EMIT_LOC_STRINGS = NO;
				SWIFT_VERSION = 5.0;
				TARGETED_DEVICE_FAMILY = 1;
				TEST_TARGET_NAME = Modo;
			};
			name = Release;
		};
/* End XCBuildConfiguration section */

/* Begin XCConfigurationList section */
		FA37A90129CAD66B00FE3238 /* Build configuration list for PBXProject "Modo" */ = {
			isa = XCConfigurationList;
			buildConfigurations = (
				FA37A92829CAD66C00FE3238 /* Debug */,
				FA37A92929CAD66C00FE3238 /* Release */,
			);
			defaultConfigurationIsVisible = 0;
			defaultConfigurationName = Release;
		};
		FA37A92A29CAD66C00FE3238 /* Build configuration list for PBXNativeTarget "Modo" */ = {
			isa = XCConfigurationList;
			buildConfigurations = (
				FA37A92B29CAD66C00FE3238 /* Debug */,
				FA37A92C29CAD66C00FE3238 /* Release */,
			);
			defaultConfigurationIsVisible = 0;
			defaultConfigurationName = Release;
		};
		FA37A92D29CAD66C00FE3238 /* Build configuration list for PBXNativeTarget "ModoTests" */ = {
			isa = XCConfigurationList;
			buildConfigurations = (
				FA37A92E29CAD66C00FE3238 /* Debug */,
				FA37A92F29CAD66C00FE3238 /* Release */,
			);
			defaultConfigurationIsVisible = 0;
			defaultConfigurationName = Release;
		};
		FA37A93029CAD66C00FE3238 /* Build configuration list for PBXNativeTarget "ModoUITests" */ = {
			isa = XCConfigurationList;
			buildConfigurations = (
				FA37A93129CAD66C00FE3238 /* Debug */,
				FA37A93229CAD66C00FE3238 /* Release */,
			);
			defaultConfigurationIsVisible = 0;
			defaultConfigurationName = Release;
		};
/* End XCConfigurationList section */
	};
	rootObject = FA37A8FE29CAD66B00FE3238 /* Project object */;
}
